// !$*UTF8*$!
{
	archiveVersion = 1;
	classes = {
	};
	objectVersion = 46;
	objects = {

/* Begin PBXBuildFile section */
		EC74E0B3174F934400391A6D /* LabelController.m in Sources */ = {isa = PBXBuildFile; fileRef = EC74E0B2174F934400391A6D /* LabelController.m */; };
		EC99076D17570DC60041F268 /* GLKit.framework in Frameworks */ = {isa = PBXBuildFile; fileRef = ECB7FD0B17447086002A4B71 /* GLKit.framework */; };
		ECB259D11749BBF900CEAEE8 /* QuartzCore.framework in Frameworks */ = {isa = PBXBuildFile; fileRef = ECB259D01749BBF900CEAEE8 /* QuartzCore.framework */; };
		ECB517C7174CF58A00B24789 /* RootController.m in Sources */ = {isa = PBXBuildFile; fileRef = ECB517C6174CF58900B24789 /* RootController.m */; };
		ECB517D0174CFA8500B24789 /* ScrollController.m in Sources */ = {isa = PBXBuildFile; fileRef = ECB517CF174CFA8500B24789 /* ScrollController.m */; };
		ECB517DC174D114900B24789 /* image.frag in Resources */ = {isa = PBXBuildFile; fileRef = ECB517D6174D113A00B24789 /* image.frag */; };
		ECB517DD174D114900B24789 /* image.vert in Resources */ = {isa = PBXBuildFile; fileRef = ECB517D7174D113A00B24789 /* image.vert */; };
		ECB517DE174D114900B24789 /* pos.vert in Resources */ = {isa = PBXBuildFile; fileRef = ECB517D8174D113A00B24789 /* pos.vert */; };
		ECB517DF174D114900B24789 /* uni-color.frag in Resources */ = {isa = PBXBuildFile; fileRef = ECB517D9174D113A00B24789 /* uni-color.frag */; };
		ECB517E0174D114900B24789 /* var-color.frag in Resources */ = {isa = PBXBuildFile; fileRef = ECB517DA174D113A00B24789 /* var-color.frag */; };
		ECB517E3174D11E500B24789 /* pos-color.vert in Resources */ = {isa = PBXBuildFile; fileRef = ECB517E2174D11DD00B24789 /* pos-color.vert */; };
		ECB7FB4A17445D64002A4B71 /* UIKit.framework in Frameworks */ = {isa = PBXBuildFile; fileRef = ECB7FB4917445D64002A4B71 /* UIKit.framework */; };
		ECB7FB4C17445D64002A4B71 /* Foundation.framework in Frameworks */ = {isa = PBXBuildFile; fileRef = ECB7FB4B17445D64002A4B71 /* Foundation.framework */; };
		ECB7FB4E17445D64002A4B71 /* CoreGraphics.framework in Frameworks */ = {isa = PBXBuildFile; fileRef = ECB7FB4D17445D64002A4B71 /* CoreGraphics.framework */; };
		ECB7FB7A17445E0C002A4B71 /* Default.png in Resources */ = {isa = PBXBuildFile; fileRef = ECB7FB7917445E0C002A4B71 /* Default.png */; };
		ECB7FB7C17445E16002A4B71 /* Default@2x.png in Resources */ = {isa = PBXBuildFile; fileRef = ECB7FB7B17445E16002A4B71 /* Default@2x.png */; };
		ECB7FB7E17445E19002A4B71 /* Default-568h@2x.png in Resources */ = {isa = PBXBuildFile; fileRef = ECB7FB7D17445E19002A4B71 /* Default-568h@2x.png */; };
		ECB7FC6C1744600F002A4B71 /* libz.dylib in Frameworks */ = {isa = PBXBuildFile; fileRef = ECB7FC6B1744600F002A4B71 /* libz.dylib */; };
		ECB7FD0617447064002A4B71 /* libpng.a in Frameworks */ = {isa = PBXBuildFile; fileRef = ECB7FCD71744703A002A4B71 /* libpng.a */; };
		ECB7FD0717447064002A4B71 /* libsqlite3.a in Frameworks */ = {isa = PBXBuildFile; fileRef = ECB7FCDD1744703A002A4B71 /* libsqlite3.a */; };
		ECB7FD0817447064002A4B71 /* libturbojpeg.a in Frameworks */ = {isa = PBXBuildFile; fileRef = ECB7FCE61744703A002A4B71 /* libturbojpeg.a */; };
		ECB7FD0A17447079002A4B71 /* OpenGLES.framework in Frameworks */ = {isa = PBXBuildFile; fileRef = ECB7FD0917447079002A4B71 /* OpenGLES.framework */; };
		ECB7FD11174471D0002A4B71 /* AppDelegate.m in Sources */ = {isa = PBXBuildFile; fileRef = ECB7FD0E174471D0002A4B71 /* AppDelegate.m */; };
		ECB7FD12174471D0002A4B71 /* main.m in Sources */ = {isa = PBXBuildFile; fileRef = ECB7FD0F174471D0002A4B71 /* main.m */; };
		ECCAECBB1752DF8E006CB1B5 /* qk-check.m in Sources */ = {isa = PBXBuildFile; fileRef = ECCAEBFF1752DF8E006CB1B5 /* qk-check.m */; };
		ECCAECBC1752DF8E006CB1B5 /* qk-log.m in Sources */ = {isa = PBXBuildFile; fileRef = ECCAEC011752DF8E006CB1B5 /* qk-log.m */; };
		ECCAECBD1752DF8E006CB1B5 /* qk-math.m in Sources */ = {isa = PBXBuildFile; fileRef = ECCAEC041752DF8E006CB1B5 /* qk-math.m */; };
		ECCAECBE1752DF8E006CB1B5 /* QKBinding.m in Sources */ = {isa = PBXBuildFile; fileRef = ECCAEC091752DF8E006CB1B5 /* QKBinding.m */; };
		ECCAECBF1752DF8E006CB1B5 /* QKData.m in Sources */ = {isa = PBXBuildFile; fileRef = ECCAEC0B1752DF8E006CB1B5 /* QKData.m */; };
		ECCAECC01752DF8E006CB1B5 /* QKDuo.m in Sources */ = {isa = PBXBuildFile; fileRef = ECCAEC0D1752DF8E006CB1B5 /* QKDuo.m */; };
		ECCAECC11752DF8E006CB1B5 /* QKErrorDomain.m in Sources */ = {isa = PBXBuildFile; fileRef = ECCAEC0F1752DF8E006CB1B5 /* QKErrorDomain.m */; };
		ECCAECC21752DF8E006CB1B5 /* QKImage.m in Sources */ = {isa = PBXBuildFile; fileRef = ECCAEC111752DF8E006CB1B5 /* QKImage.m */; };
		ECCAECC31752DF8E006CB1B5 /* QKMutableStructArray.m in Sources */ = {isa = PBXBuildFile; fileRef = ECCAEC131752DF8E006CB1B5 /* QKMutableStructArray.m */; };
		ECCAECC41752DF8E006CB1B5 /* QKPixFmt.m in Sources */ = {isa = PBXBuildFile; fileRef = ECCAEC151752DF8E006CB1B5 /* QKPixFmt.m */; };
		ECCAECC51752DF8E006CB1B5 /* QKStructArray.m in Sources */ = {isa = PBXBuildFile; fileRef = ECCAEC171752DF8E006CB1B5 /* QKStructArray.m */; };
		ECCAECC61752DF8E006CB1B5 /* QKSubData.m in Sources */ = {isa = PBXBuildFile; fileRef = ECCAEC191752DF8E006CB1B5 /* QKSubData.m */; };
		ECCAECC71752DF8E006CB1B5 /* QKTag.m in Sources */ = {isa = PBXBuildFile; fileRef = ECCAEC1B1752DF8E006CB1B5 /* QKTag.m */; };
		ECCAECC81752DF8E006CB1B5 /* CALayer+QK.m in Sources */ = {isa = PBXBuildFile; fileRef = ECCAEC1E1752DF8E006CB1B5 /* CALayer+QK.m */; };
		ECCAECC91752DF8E006CB1B5 /* QKTextLayer.m in Sources */ = {isa = PBXBuildFile; fileRef = ECCAEC211752DF8E006CB1B5 /* QKTextLayer.m */; };
		ECCAECCA1752DF8E006CB1B5 /* QKCFObject.m in Sources */ = {isa = PBXBuildFile; fileRef = ECCAEC251752DF8E006CB1B5 /* QKCFObject.m */; };
		ECCAECCB1752DF8E006CB1B5 /* qk-cg-util.m in Sources */ = {isa = PBXBuildFile; fileRef = ECCAEC281752DF8E006CB1B5 /* qk-cg-util.m */; };
		ECCAECCC1752DF8E006CB1B5 /* QKCGBitmapContext.m in Sources */ = {isa = PBXBuildFile; fileRef = ECCAEC2B1752DF8E006CB1B5 /* QKCGBitmapContext.m */; };
		ECCAECCD1752DF8E006CB1B5 /* QKCGColorSpace.m in Sources */ = {isa = PBXBuildFile; fileRef = ECCAEC2D1752DF8E006CB1B5 /* QKCGColorSpace.m */; };
		ECCAECCE1752DF8E006CB1B5 /* QKCGContext.m in Sources */ = {isa = PBXBuildFile; fileRef = ECCAEC2F1752DF8E006CB1B5 /* QKCGContext.m */; };
		ECCAECCF1752DF8E006CB1B5 /* QKCGImage.m in Sources */ = {isa = PBXBuildFile; fileRef = ECCAEC311752DF8E006CB1B5 /* QKCGImage.m */; };
		ECCAECD01752DF8E006CB1B5 /* CCAGLLayer.m in Sources */ = {isa = PBXBuildFile; fileRef = ECCAEC341752DF8E006CB1B5 /* CCAGLLayer.m */; };
		ECCAECD11752DF8E006CB1B5 /* CUIView.m in Sources */ = {isa = PBXBuildFile; fileRef = ECCAEC361752DF8E006CB1B5 /* CUIView.m */; };
		ECCAECD21752DF8E006CB1B5 /* QKLayoutView.m in Sources */ = {isa = PBXBuildFile; fileRef = ECCAEC391752DF8E006CB1B5 /* QKLayoutView.m */; };
		ECCAECD31752DF8E006CB1B5 /* NSArray+QK.m in Sources */ = {isa = PBXBuildFile; fileRef = ECCAEC3C1752DF8E006CB1B5 /* NSArray+QK.m */; };
		ECCAECD41752DF8E006CB1B5 /* NSBundle+QK.m in Sources */ = {isa = PBXBuildFile; fileRef = ECCAEC3E1752DF8E006CB1B5 /* NSBundle+QK.m */; };
		ECCAECD51752DF8E006CB1B5 /* NSData+QK.m in Sources */ = {isa = PBXBuildFile; fileRef = ECCAEC401752DF8E006CB1B5 /* NSData+QK.m */; };
		ECCAECD61752DF8E006CB1B5 /* NSDate+QK.m in Sources */ = {isa = PBXBuildFile; fileRef = ECCAEC421752DF8E006CB1B5 /* NSDate+QK.m */; };
		ECCAECD71752DF8E006CB1B5 /* NSDictionary+QK.m in Sources */ = {isa = PBXBuildFile; fileRef = ECCAEC441752DF8E006CB1B5 /* NSDictionary+QK.m */; };
		ECCAECD81752DF8E006CB1B5 /* NSError+QK.m in Sources */ = {isa = PBXBuildFile; fileRef = ECCAEC461752DF8E006CB1B5 /* NSError+QK.m */; };
		ECCAECD91752DF8E006CB1B5 /* NSJSONSerialization+QK.m in Sources */ = {isa = PBXBuildFile; fileRef = ECCAEC481752DF8E006CB1B5 /* NSJSONSerialization+QK.m */; };
		ECCAECDA1752DF8E006CB1B5 /* NSMutableData+QK.m in Sources */ = {isa = PBXBuildFile; fileRef = ECCAEC4A1752DF8E006CB1B5 /* NSMutableData+QK.m */; };
		ECCAECDB1752DF8E006CB1B5 /* NSMutableDictionary+QK.m in Sources */ = {isa = PBXBuildFile; fileRef = ECCAEC4C1752DF8E006CB1B5 /* NSMutableDictionary+QK.m */; };
		ECCAECDC1752DF8E006CB1B5 /* NSObject+JNB.m in Sources */ = {isa = PBXBuildFile; fileRef = ECCAEC4E1752DF8E006CB1B5 /* NSObject+JNB.m */; };
		ECCAECDD1752DF8E006CB1B5 /* NSObject+QK.m in Sources */ = {isa = PBXBuildFile; fileRef = ECCAEC501752DF8E006CB1B5 /* NSObject+QK.m */; };
		ECCAECDE1752DF8E006CB1B5 /* NSOutputStream+QK.m in Sources */ = {isa = PBXBuildFile; fileRef = ECCAEC521752DF8E006CB1B5 /* NSOutputStream+QK.m */; };
		ECCAECDF1752DF8E006CB1B5 /* NSString+QK.m in Sources */ = {isa = PBXBuildFile; fileRef = ECCAEC541752DF8E006CB1B5 /* NSString+QK.m */; };
		ECCAECE01752DF8E006CB1B5 /* NSTimer+QK.m in Sources */ = {isa = PBXBuildFile; fileRef = ECCAEC561752DF8E006CB1B5 /* NSTimer+QK.m */; };
		ECCAECE11752DF8E006CB1B5 /* GLEventHandler.m in Sources */ = {isa = PBXBuildFile; fileRef = ECCAEC5A1752DF8E006CB1B5 /* GLEventHandler.m */; };
		ECCAECE21752DF8E006CB1B5 /* GLFragmentShader.m in Sources */ = {isa = PBXBuildFile; fileRef = ECCAEC5C1752DF8E006CB1B5 /* GLFragmentShader.m */; };
		ECCAECE31752DF8E006CB1B5 /* GLLayer.m in Sources */ = {isa = PBXBuildFile; fileRef = ECCAEC5E1752DF8E006CB1B5 /* GLLayer.m */; };
		ECCAECE41752DF8E006CB1B5 /* GLObject.m in Sources */ = {isa = PBXBuildFile; fileRef = ECCAEC601752DF8E006CB1B5 /* GLObject.m */; };
		ECCAECE51752DF8E006CB1B5 /* GLProgram.m in Sources */ = {isa = PBXBuildFile; fileRef = ECCAEC621752DF8E006CB1B5 /* GLProgram.m */; };
		ECCAECE61752DF8E006CB1B5 /* GLShader.m in Sources */ = {isa = PBXBuildFile; fileRef = ECCAEC651752DF8E006CB1B5 /* GLShader.m */; };
		ECCAECE71752DF8E006CB1B5 /* GLTestScene.m in Sources */ = {isa = PBXBuildFile; fileRef = ECCAEC671752DF8E006CB1B5 /* GLTestScene.m */; };
		ECCAECE81752DF8E006CB1B5 /* GLTexture.m in Sources */ = {isa = PBXBuildFile; fileRef = ECCAEC691752DF8E006CB1B5 /* GLTexture.m */; };
		ECCAECE91752DF8E006CB1B5 /* GLVertexShader.m in Sources */ = {isa = PBXBuildFile; fileRef = ECCAEC6B1752DF8E006CB1B5 /* GLVertexShader.m */; };
		ECCAECEA1752DF8E006CB1B5 /* GLView.m in Sources */ = {isa = PBXBuildFile; fileRef = ECCAEC6D1752DF8E006CB1B5 /* GLView.m */; };
		ECCAECEB1752DF8E006CB1B5 /* qk-gl-util.m in Sources */ = {isa = PBXBuildFile; fileRef = ECCAEC6F1752DF8E006CB1B5 /* qk-gl-util.m */; };
		ECCAECEC1752DF8E006CB1B5 /* QKImage+JPG.m in Sources */ = {isa = PBXBuildFile; fileRef = ECCAEC741752DF8E006CB1B5 /* QKImage+JPG.m */; };
		ECCAECED1752DF8E006CB1B5 /* QKImage+PNG.m in Sources */ = {isa = PBXBuildFile; fileRef = ECCAEC781752DF8E006CB1B5 /* QKImage+PNG.m */; };
		ECCAECEE1752DF8E006CB1B5 /* qk-sql-util.m in Sources */ = {isa = PBXBuildFile; fileRef = ECCAEC7B1752DF8E006CB1B5 /* qk-sql-util.m */; };
		ECCAECEF1752DF8E006CB1B5 /* SqlDatabase.m in Sources */ = {isa = PBXBuildFile; fileRef = ECCAEC7E1752DF8E006CB1B5 /* SqlDatabase.m */; };
		ECCAECF01752DF8E006CB1B5 /* SqlStatement.m in Sources */ = {isa = PBXBuildFile; fileRef = ECCAEC801752DF8E006CB1B5 /* SqlStatement.m */; };
		ECCAECF11752DF8E006CB1B5 /* QKApplicationDelegate.m in Sources */ = {isa = PBXBuildFile; fileRef = ECCAEC851752DF8E006CB1B5 /* QKApplicationDelegate.m */; };
		ECCAECF21752DF8E006CB1B5 /* QKButton.m in Sources */ = {isa = PBXBuildFile; fileRef = ECCAEC871752DF8E006CB1B5 /* QKButton.m */; };
		ECCAECF31752DF8E006CB1B5 /* QKImageView.m in Sources */ = {isa = PBXBuildFile; fileRef = ECCAEC891752DF8E006CB1B5 /* QKImageView.m */; };
		ECCAECF41752DF8E006CB1B5 /* QKLabel.m in Sources */ = {isa = PBXBuildFile; fileRef = ECCAEC8B1752DF8E006CB1B5 /* QKLabel.m */; };
		ECCAECF51752DF8E006CB1B5 /* QKScrollView.m in Sources */ = {isa = PBXBuildFile; fileRef = ECCAEC8F1752DF8E006CB1B5 /* QKScrollView.m */; };
		ECCAECF61752DF8E006CB1B5 /* QKTableController.m in Sources */ = {isa = PBXBuildFile; fileRef = ECCAEC911752DF8E006CB1B5 /* QKTableController.m */; };
		ECCAECF71752DF8E006CB1B5 /* QKTextView.m in Sources */ = {isa = PBXBuildFile; fileRef = ECCAEC931752DF8E006CB1B5 /* QKTextView.m */; };
		ECCAECF81752DF8E006CB1B5 /* QKUITableView.m in Sources */ = {isa = PBXBuildFile; fileRef = ECCAEC951752DF8E006CB1B5 /* QKUITableView.m */; };
		ECCAECF91752DF8E006CB1B5 /* QKViewController.m in Sources */ = {isa = PBXBuildFile; fileRef = ECCAEC971752DF8E006CB1B5 /* QKViewController.m */; };
		ECCAECFA1752DF8E006CB1B5 /* CADisplayLink+QK.m in Sources */ = {isa = PBXBuildFile; fileRef = ECCAEC9A1752DF8E006CB1B5 /* CADisplayLink+QK.m */; };
		ECCAECFB1752DF8E006CB1B5 /* NSString+QKM.m in Sources */ = {isa = PBXBuildFile; fileRef = ECCAEC9E1752DF8E006CB1B5 /* NSString+QKM.m */; };
		ECCAECFC1752DF8E006CB1B5 /* UIApplication+QK.m in Sources */ = {isa = PBXBuildFile; fileRef = ECCAECA31752DF8E006CB1B5 /* UIApplication+QK.m */; };
		ECCAECFD1752DF8E006CB1B5 /* UIBarButtonItem+QK.m in Sources */ = {isa = PBXBuildFile; fileRef = ECCAECA51752DF8E006CB1B5 /* UIBarButtonItem+QK.m */; };
		ECCAECFE1752DF8E006CB1B5 /* UIButton+QK.m in Sources */ = {isa = PBXBuildFile; fileRef = ECCAECA71752DF8E006CB1B5 /* UIButton+QK.m */; };
		ECCAECFF1752DF8E006CB1B5 /* UIColor+QK.m in Sources */ = {isa = PBXBuildFile; fileRef = ECCAECA91752DF8E006CB1B5 /* UIColor+QK.m */; };
		ECCAED001752DF8E006CB1B5 /* UIImage+QK.m in Sources */ = {isa = PBXBuildFile; fileRef = ECCAECAB1752DF8E006CB1B5 /* UIImage+QK.m */; };
		ECCAED011752DF8E006CB1B5 /* UIImageView+QK.m in Sources */ = {isa = PBXBuildFile; fileRef = ECCAECAD1752DF8E006CB1B5 /* UIImageView+QK.m */; };
		ECCAED021752DF8E006CB1B5 /* UILabel+QK.m in Sources */ = {isa = PBXBuildFile; fileRef = ECCAECAF1752DF8E006CB1B5 /* UILabel+QK.m */; };
		ECCAED031752DF8E006CB1B5 /* UINavigationController+QK.m in Sources */ = {isa = PBXBuildFile; fileRef = ECCAECB11752DF8E006CB1B5 /* UINavigationController+QK.m */; };
		ECCAED041752DF8E006CB1B5 /* UIScrollView+QK.m in Sources */ = {isa = PBXBuildFile; fileRef = ECCAECB31752DF8E006CB1B5 /* UIScrollView+QK.m */; };
		ECCAED051752DF8E006CB1B5 /* UITableViewCell+QK.m in Sources */ = {isa = PBXBuildFile; fileRef = ECCAECB51752DF8E006CB1B5 /* UITableViewCell+QK.m */; };
		ECCAED061752DF8E006CB1B5 /* UIView+QK.m in Sources */ = {isa = PBXBuildFile; fileRef = ECCAECB71752DF8E006CB1B5 /* UIView+QK.m */; };
		ECCAED071752DF8E006CB1B5 /* UIViewController+QK.m in Sources */ = {isa = PBXBuildFile; fileRef = ECCAECB91752DF8E006CB1B5 /* UIViewController+QK.m */; };
/* End PBXBuildFile section */

/* Begin PBXFileReference section */
		EC74E0B1174F934400391A6D /* LabelController.h */ = {isa = PBXFileReference; fileEncoding = 4; lastKnownFileType = sourcecode.c.h; path = LabelController.h; sourceTree = "<group>"; };
		EC74E0B2174F934400391A6D /* LabelController.m */ = {isa = PBXFileReference; fileEncoding = 4; lastKnownFileType = sourcecode.c.objc; path = LabelController.m; sourceTree = "<group>"; };
		ECB259D01749BBF900CEAEE8 /* QuartzCore.framework */ = {isa = PBXFileReference; lastKnownFileType = wrapper.framework; name = QuartzCore.framework; path = System/Library/Frameworks/QuartzCore.framework; sourceTree = SDKROOT; };
		ECB51784174CF2CB00B24789 /* source-qk-ios.h */ = {isa = PBXFileReference; fileEncoding = 4; lastKnownFileType = sourcecode.c.h; name = "source-qk-ios.h"; path = "source-qk-ios/source-qk-ios.h"; sourceTree = SOURCE_ROOT; };
		ECB517C5174CF58900B24789 /* RootController.h */ = {isa = PBXFileReference; fileEncoding = 4; lastKnownFileType = sourcecode.c.h; path = RootController.h; sourceTree = "<group>"; };
		ECB517C6174CF58900B24789 /* RootController.m */ = {isa = PBXFileReference; fileEncoding = 4; lastKnownFileType = sourcecode.c.objc; path = RootController.m; sourceTree = "<group>"; };
		ECB517CE174CFA8500B24789 /* ScrollController.h */ = {isa = PBXFileReference; fileEncoding = 4; lastKnownFileType = sourcecode.c.h; path = ScrollController.h; sourceTree = "<group>"; };
		ECB517CF174CFA8500B24789 /* ScrollController.m */ = {isa = PBXFileReference; fileEncoding = 4; lastKnownFileType = sourcecode.c.objc; path = ScrollController.m; sourceTree = "<group>"; };
		ECB517D6174D113A00B24789 /* image.frag */ = {isa = PBXFileReference; lastKnownFileType = sourcecode.glsl; path = image.frag; sourceTree = "<group>"; };
		ECB517D7174D113A00B24789 /* image.vert */ = {isa = PBXFileReference; lastKnownFileType = sourcecode.glsl; path = image.vert; sourceTree = "<group>"; };
		ECB517D8174D113A00B24789 /* pos.vert */ = {isa = PBXFileReference; lastKnownFileType = sourcecode.glsl; path = pos.vert; sourceTree = "<group>"; };
		ECB517D9174D113A00B24789 /* uni-color.frag */ = {isa = PBXFileReference; lastKnownFileType = sourcecode.glsl; path = "uni-color.frag"; sourceTree = "<group>"; };
		ECB517DA174D113A00B24789 /* var-color.frag */ = {isa = PBXFileReference; lastKnownFileType = sourcecode.glsl; path = "var-color.frag"; sourceTree = "<group>"; };
		ECB517E2174D11DD00B24789 /* pos-color.vert */ = {isa = PBXFileReference; lastKnownFileType = sourcecode.glsl; path = "pos-color.vert"; sourceTree = "<group>"; };
		ECB7FB4617445D64002A4B71 /* test-qk-ios.app */ = {isa = PBXFileReference; explicitFileType = wrapper.application; includeInIndex = 0; path = "test-qk-ios.app"; sourceTree = BUILT_PRODUCTS_DIR; };
		ECB7FB4917445D64002A4B71 /* UIKit.framework */ = {isa = PBXFileReference; lastKnownFileType = wrapper.framework; name = UIKit.framework; path = System/Library/Frameworks/UIKit.framework; sourceTree = SDKROOT; };
		ECB7FB4B17445D64002A4B71 /* Foundation.framework */ = {isa = PBXFileReference; lastKnownFileType = wrapper.framework; name = Foundation.framework; path = System/Library/Frameworks/Foundation.framework; sourceTree = SDKROOT; };
		ECB7FB4D17445D64002A4B71 /* CoreGraphics.framework */ = {isa = PBXFileReference; lastKnownFileType = wrapper.framework; name = CoreGraphics.framework; path = System/Library/Frameworks/CoreGraphics.framework; sourceTree = SDKROOT; };
		ECB7FB7017445DA2002A4B71 /* test-qk-ios-Info.plist */ = {isa = PBXFileReference; fileEncoding = 4; lastKnownFileType = text.plist.xml; path = "test-qk-ios-Info.plist"; sourceTree = "<group>"; };
		ECB7FB7917445E0C002A4B71 /* Default.png */ = {isa = PBXFileReference; lastKnownFileType = image.png; path = Default.png; sourceTree = "<group>"; };
		ECB7FB7B17445E16002A4B71 /* Default@2x.png */ = {isa = PBXFileReference; lastKnownFileType = image.png; path = "Default@2x.png"; sourceTree = "<group>"; };
		ECB7FB7D17445E19002A4B71 /* Default-568h@2x.png */ = {isa = PBXFileReference; lastKnownFileType = image.png; path = "Default-568h@2x.png"; sourceTree = "<group>"; };
		ECB7FC6B1744600F002A4B71 /* libz.dylib */ = {isa = PBXFileReference; lastKnownFileType = "compiled.mach-o.dylib"; name = libz.dylib; path = usr/lib/libz.dylib; sourceTree = SDKROOT; };
		ECB7FCCC1744703A002A4B71 /* .gitignore */ = {isa = PBXFileReference; lastKnownFileType = text; path = .gitignore; sourceTree = "<group>"; };
		ECB7FCD01744703A002A4B71 /* png.h */ = {isa = PBXFileReference; lastKnownFileType = sourcecode.c.h; path = png.h; sourceTree = "<group>"; };
		ECB7FCD11744703A002A4B71 /* pngconf.h */ = {isa = PBXFileReference; lastKnownFileType = sourcecode.c.h; path = pngconf.h; sourceTree = "<group>"; };
		ECB7FCD21744703A002A4B71 /* pnglibconf.h */ = {isa = PBXFileReference; lastKnownFileType = sourcecode.c.h; path = pnglibconf.h; sourceTree = "<group>"; };
		ECB7FCD31744703A002A4B71 /* png.h */ = {isa = PBXFileReference; lastKnownFileType = sourcecode.c.h; path = png.h; sourceTree = "<group>"; };
		ECB7FCD41744703A002A4B71 /* pngconf.h */ = {isa = PBXFileReference; lastKnownFileType = sourcecode.c.h; path = pngconf.h; sourceTree = "<group>"; };
		ECB7FCD51744703A002A4B71 /* pnglibconf.h */ = {isa = PBXFileReference; lastKnownFileType = sourcecode.c.h; path = pnglibconf.h; sourceTree = "<group>"; };
		ECB7FCD71744703A002A4B71 /* libpng.a */ = {isa = PBXFileReference; lastKnownFileType = archive.ar; path = libpng.a; sourceTree = "<group>"; };
		ECB7FCDA1744703A002A4B71 /* sqlite3.h */ = {isa = PBXFileReference; lastKnownFileType = sourcecode.c.h; path = sqlite3.h; sourceTree = "<group>"; };
		ECB7FCDB1744703A002A4B71 /* sqlite3ext.h */ = {isa = PBXFileReference; lastKnownFileType = sourcecode.c.h; path = sqlite3ext.h; sourceTree = "<group>"; };
		ECB7FCDD1744703A002A4B71 /* libsqlite3.a */ = {isa = PBXFileReference; lastKnownFileType = archive.ar; path = libsqlite3.a; sourceTree = "<group>"; };
		ECB7FCE01744703A002A4B71 /* jconfig.h */ = {isa = PBXFileReference; lastKnownFileType = sourcecode.c.h; path = jconfig.h; sourceTree = "<group>"; };
		ECB7FCE11744703A002A4B71 /* jerror.h */ = {isa = PBXFileReference; lastKnownFileType = sourcecode.c.h; path = jerror.h; sourceTree = "<group>"; };
		ECB7FCE21744703A002A4B71 /* jmorecfg.h */ = {isa = PBXFileReference; lastKnownFileType = sourcecode.c.h; path = jmorecfg.h; sourceTree = "<group>"; };
		ECB7FCE31744703A002A4B71 /* jpeglib.h */ = {isa = PBXFileReference; lastKnownFileType = sourcecode.c.h; path = jpeglib.h; sourceTree = "<group>"; };
		ECB7FCE41744703A002A4B71 /* turbojpeg.h */ = {isa = PBXFileReference; lastKnownFileType = sourcecode.c.h; path = turbojpeg.h; sourceTree = "<group>"; };
		ECB7FCE61744703A002A4B71 /* libturbojpeg.a */ = {isa = PBXFileReference; lastKnownFileType = archive.ar; path = libturbojpeg.a; sourceTree = "<group>"; };
		ECB7FD0917447079002A4B71 /* OpenGLES.framework */ = {isa = PBXFileReference; lastKnownFileType = wrapper.framework; name = OpenGLES.framework; path = System/Library/Frameworks/OpenGLES.framework; sourceTree = SDKROOT; };
		ECB7FD0B17447086002A4B71 /* GLKit.framework */ = {isa = PBXFileReference; lastKnownFileType = wrapper.framework; name = GLKit.framework; path = System/Library/Frameworks/GLKit.framework; sourceTree = SDKROOT; };
		ECB7FD0D174471D0002A4B71 /* AppDelegate.h */ = {isa = PBXFileReference; fileEncoding = 4; lastKnownFileType = sourcecode.c.h; path = AppDelegate.h; sourceTree = "<group>"; };
		ECB7FD0E174471D0002A4B71 /* AppDelegate.m */ = {isa = PBXFileReference; fileEncoding = 4; lastKnownFileType = sourcecode.c.objc; path = AppDelegate.m; sourceTree = "<group>"; };
		ECB7FD0F174471D0002A4B71 /* main.m */ = {isa = PBXFileReference; fileEncoding = 4; lastKnownFileType = sourcecode.c.objc; path = main.m; sourceTree = "<group>"; };
		ECB7FD10174471D0002A4B71 /* test-qk-ios-prefix.pch */ = {isa = PBXFileReference; fileEncoding = 4; lastKnownFileType = sourcecode.c.h; path = "test-qk-ios-prefix.pch"; sourceTree = "<group>"; };
		ECCAEBFD1752DF8E006CB1B5 /* qk-block-types.h */ = {isa = PBXFileReference; fileEncoding = 4; lastKnownFileType = sourcecode.c.h; path = "qk-block-types.h"; sourceTree = "<group>"; };
		ECCAEBFE1752DF8E006CB1B5 /* qk-check.h */ = {isa = PBXFileReference; fileEncoding = 4; lastKnownFileType = sourcecode.c.h; path = "qk-check.h"; sourceTree = "<group>"; };
		ECCAEBFF1752DF8E006CB1B5 /* qk-check.m */ = {isa = PBXFileReference; fileEncoding = 4; lastKnownFileType = sourcecode.c.objc; path = "qk-check.m"; sourceTree = "<group>"; };
		ECCAEC001752DF8E006CB1B5 /* qk-log.h */ = {isa = PBXFileReference; fileEncoding = 4; lastKnownFileType = sourcecode.c.h; path = "qk-log.h"; sourceTree = "<group>"; };
		ECCAEC011752DF8E006CB1B5 /* qk-log.m */ = {isa = PBXFileReference; fileEncoding = 4; lastKnownFileType = sourcecode.c.objc; path = "qk-log.m"; sourceTree = "<group>"; };
		ECCAEC021752DF8E006CB1B5 /* qk-macros.h */ = {isa = PBXFileReference; fileEncoding = 4; lastKnownFileType = sourcecode.c.h; path = "qk-macros.h"; sourceTree = "<group>"; };
		ECCAEC031752DF8E006CB1B5 /* qk-math.h */ = {isa = PBXFileReference; fileEncoding = 4; lastKnownFileType = sourcecode.c.h; path = "qk-math.h"; sourceTree = "<group>"; };
		ECCAEC041752DF8E006CB1B5 /* qk-math.m */ = {isa = PBXFileReference; fileEncoding = 4; lastKnownFileType = sourcecode.c.objc; path = "qk-math.m"; sourceTree = "<group>"; };
		ECCAEC051752DF8E006CB1B5 /* qk-types.h */ = {isa = PBXFileReference; fileEncoding = 4; lastKnownFileType = sourcecode.c.h; path = "qk-types.h"; sourceTree = "<group>"; };
		ECCAEC061752DF8E006CB1B5 /* qk-vec.h */ = {isa = PBXFileReference; fileEncoding = 4; lastKnownFileType = sourcecode.c.h; path = "qk-vec.h"; sourceTree = "<group>"; };
		ECCAEC071752DF8E006CB1B5 /* qk.h */ = {isa = PBXFileReference; fileEncoding = 4; lastKnownFileType = sourcecode.c.h; path = qk.h; sourceTree = "<group>"; };
		ECCAEC081752DF8E006CB1B5 /* QKBinding.h */ = {isa = PBXFileReference; fileEncoding = 4; lastKnownFileType = sourcecode.c.h; path = QKBinding.h; sourceTree = "<group>"; };
		ECCAEC091752DF8E006CB1B5 /* QKBinding.m */ = {isa = PBXFileReference; fileEncoding = 4; lastKnownFileType = sourcecode.c.objc; path = QKBinding.m; sourceTree = "<group>"; };
		ECCAEC0A1752DF8E006CB1B5 /* QKData.h */ = {isa = PBXFileReference; fileEncoding = 4; lastKnownFileType = sourcecode.c.h; path = QKData.h; sourceTree = "<group>"; };
		ECCAEC0B1752DF8E006CB1B5 /* QKData.m */ = {isa = PBXFileReference; fileEncoding = 4; lastKnownFileType = sourcecode.c.objc; path = QKData.m; sourceTree = "<group>"; };
		ECCAEC0C1752DF8E006CB1B5 /* QKDuo.h */ = {isa = PBXFileReference; fileEncoding = 4; lastKnownFileType = sourcecode.c.h; path = QKDuo.h; sourceTree = "<group>"; };
		ECCAEC0D1752DF8E006CB1B5 /* QKDuo.m */ = {isa = PBXFileReference; fileEncoding = 4; lastKnownFileType = sourcecode.c.objc; path = QKDuo.m; sourceTree = "<group>"; };
		ECCAEC0E1752DF8E006CB1B5 /* QKErrorDomain.h */ = {isa = PBXFileReference; fileEncoding = 4; lastKnownFileType = sourcecode.c.h; path = QKErrorDomain.h; sourceTree = "<group>"; };
		ECCAEC0F1752DF8E006CB1B5 /* QKErrorDomain.m */ = {isa = PBXFileReference; fileEncoding = 4; lastKnownFileType = sourcecode.c.objc; path = QKErrorDomain.m; sourceTree = "<group>"; };
		ECCAEC101752DF8E006CB1B5 /* QKImage.h */ = {isa = PBXFileReference; fileEncoding = 4; lastKnownFileType = sourcecode.c.h; path = QKImage.h; sourceTree = "<group>"; };
		ECCAEC111752DF8E006CB1B5 /* QKImage.m */ = {isa = PBXFileReference; fileEncoding = 4; lastKnownFileType = sourcecode.c.objc; path = QKImage.m; sourceTree = "<group>"; };
		ECCAEC121752DF8E006CB1B5 /* QKMutableStructArray.h */ = {isa = PBXFileReference; fileEncoding = 4; lastKnownFileType = sourcecode.c.h; path = QKMutableStructArray.h; sourceTree = "<group>"; };
		ECCAEC131752DF8E006CB1B5 /* QKMutableStructArray.m */ = {isa = PBXFileReference; fileEncoding = 4; lastKnownFileType = sourcecode.c.objc; path = QKMutableStructArray.m; sourceTree = "<group>"; };
		ECCAEC141752DF8E006CB1B5 /* QKPixFmt.h */ = {isa = PBXFileReference; fileEncoding = 4; lastKnownFileType = sourcecode.c.h; path = QKPixFmt.h; sourceTree = "<group>"; };
		ECCAEC151752DF8E006CB1B5 /* QKPixFmt.m */ = {isa = PBXFileReference; fileEncoding = 4; lastKnownFileType = sourcecode.c.objc; path = QKPixFmt.m; sourceTree = "<group>"; };
		ECCAEC161752DF8E006CB1B5 /* QKStructArray.h */ = {isa = PBXFileReference; fileEncoding = 4; lastKnownFileType = sourcecode.c.h; path = QKStructArray.h; sourceTree = "<group>"; };
		ECCAEC171752DF8E006CB1B5 /* QKStructArray.m */ = {isa = PBXFileReference; fileEncoding = 4; lastKnownFileType = sourcecode.c.objc; path = QKStructArray.m; sourceTree = "<group>"; };
		ECCAEC181752DF8E006CB1B5 /* QKSubData.h */ = {isa = PBXFileReference; fileEncoding = 4; lastKnownFileType = sourcecode.c.h; path = QKSubData.h; sourceTree = "<group>"; };
		ECCAEC191752DF8E006CB1B5 /* QKSubData.m */ = {isa = PBXFileReference; fileEncoding = 4; lastKnownFileType = sourcecode.c.objc; path = QKSubData.m; sourceTree = "<group>"; };
		ECCAEC1A1752DF8E006CB1B5 /* QKTag.h */ = {isa = PBXFileReference; fileEncoding = 4; lastKnownFileType = sourcecode.c.h; path = QKTag.h; sourceTree = "<group>"; };
		ECCAEC1B1752DF8E006CB1B5 /* QKTag.m */ = {isa = PBXFileReference; fileEncoding = 4; lastKnownFileType = sourcecode.c.objc; path = QKTag.m; sourceTree = "<group>"; };
		ECCAEC1D1752DF8E006CB1B5 /* CALayer+QK.h */ = {isa = PBXFileReference; fileEncoding = 4; lastKnownFileType = sourcecode.c.h; path = "CALayer+QK.h"; sourceTree = "<group>"; };
		ECCAEC1E1752DF8E006CB1B5 /* CALayer+QK.m */ = {isa = PBXFileReference; fileEncoding = 4; lastKnownFileType = sourcecode.c.objc; path = "CALayer+QK.m"; sourceTree = "<group>"; };
		ECCAEC1F1752DF8E006CB1B5 /* qk-ca.h */ = {isa = PBXFileReference; fileEncoding = 4; lastKnownFileType = sourcecode.c.h; path = "qk-ca.h"; sourceTree = "<group>"; };
		ECCAEC201752DF8E006CB1B5 /* QKTextLayer.h */ = {isa = PBXFileReference; fileEncoding = 4; lastKnownFileType = sourcecode.c.h; path = QKTextLayer.h; sourceTree = "<group>"; };
		ECCAEC211752DF8E006CB1B5 /* QKTextLayer.m */ = {isa = PBXFileReference; fileEncoding = 4; lastKnownFileType = sourcecode.c.objc; path = QKTextLayer.m; sourceTree = "<group>"; };
		ECCAEC231752DF8E006CB1B5 /* qk-cf.h */ = {isa = PBXFileReference; fileEncoding = 4; lastKnownFileType = sourcecode.c.h; path = "qk-cf.h"; sourceTree = "<group>"; };
		ECCAEC241752DF8E006CB1B5 /* QKCFObject.h */ = {isa = PBXFileReference; fileEncoding = 4; lastKnownFileType = sourcecode.c.h; path = QKCFObject.h; sourceTree = "<group>"; };
		ECCAEC251752DF8E006CB1B5 /* QKCFObject.m */ = {isa = PBXFileReference; fileEncoding = 4; lastKnownFileType = sourcecode.c.objc; path = QKCFObject.m; sourceTree = "<group>"; };
		ECCAEC271752DF8E006CB1B5 /* qk-cg-util.h */ = {isa = PBXFileReference; fileEncoding = 4; lastKnownFileType = sourcecode.c.h; path = "qk-cg-util.h"; sourceTree = "<group>"; };
		ECCAEC281752DF8E006CB1B5 /* qk-cg-util.m */ = {isa = PBXFileReference; fileEncoding = 4; lastKnownFileType = sourcecode.c.objc; path = "qk-cg-util.m"; sourceTree = "<group>"; };
		ECCAEC291752DF8E006CB1B5 /* qk-cg.h */ = {isa = PBXFileReference; fileEncoding = 4; lastKnownFileType = sourcecode.c.h; path = "qk-cg.h"; sourceTree = "<group>"; };
		ECCAEC2A1752DF8E006CB1B5 /* QKCGBitmapContext.h */ = {isa = PBXFileReference; fileEncoding = 4; lastKnownFileType = sourcecode.c.h; path = QKCGBitmapContext.h; sourceTree = "<group>"; };
		ECCAEC2B1752DF8E006CB1B5 /* QKCGBitmapContext.m */ = {isa = PBXFileReference; fileEncoding = 4; lastKnownFileType = sourcecode.c.objc; path = QKCGBitmapContext.m; sourceTree = "<group>"; };
		ECCAEC2C1752DF8E006CB1B5 /* QKCGColorSpace.h */ = {isa = PBXFileReference; fileEncoding = 4; lastKnownFileType = sourcecode.c.h; path = QKCGColorSpace.h; sourceTree = "<group>"; };
		ECCAEC2D1752DF8E006CB1B5 /* QKCGColorSpace.m */ = {isa = PBXFileReference; fileEncoding = 4; lastKnownFileType = sourcecode.c.objc; path = QKCGColorSpace.m; sourceTree = "<group>"; };
		ECCAEC2E1752DF8E006CB1B5 /* QKCGContext.h */ = {isa = PBXFileReference; fileEncoding = 4; lastKnownFileType = sourcecode.c.h; path = QKCGContext.h; sourceTree = "<group>"; };
		ECCAEC2F1752DF8E006CB1B5 /* QKCGContext.m */ = {isa = PBXFileReference; fileEncoding = 4; lastKnownFileType = sourcecode.c.objc; path = QKCGContext.m; sourceTree = "<group>"; };
		ECCAEC301752DF8E006CB1B5 /* QKCGImage.h */ = {isa = PBXFileReference; fileEncoding = 4; lastKnownFileType = sourcecode.c.h; path = QKCGImage.h; sourceTree = "<group>"; };
		ECCAEC311752DF8E006CB1B5 /* QKCGImage.m */ = {isa = PBXFileReference; fileEncoding = 4; lastKnownFileType = sourcecode.c.objc; path = QKCGImage.m; sourceTree = "<group>"; };
		ECCAEC331752DF8E006CB1B5 /* CCAGLLayer.h */ = {isa = PBXFileReference; fileEncoding = 4; lastKnownFileType = sourcecode.c.h; path = CCAGLLayer.h; sourceTree = "<group>"; };
		ECCAEC341752DF8E006CB1B5 /* CCAGLLayer.m */ = {isa = PBXFileReference; fileEncoding = 4; lastKnownFileType = sourcecode.c.objc; path = CCAGLLayer.m; sourceTree = "<group>"; };
		ECCAEC351752DF8E006CB1B5 /* CUIView.h */ = {isa = PBXFileReference; fileEncoding = 4; lastKnownFileType = sourcecode.c.h; path = CUIView.h; sourceTree = "<group>"; };
		ECCAEC361752DF8E006CB1B5 /* CUIView.m */ = {isa = PBXFileReference; fileEncoding = 4; lastKnownFileType = sourcecode.c.objc; path = CUIView.m; sourceTree = "<group>"; };
		ECCAEC371752DF8E006CB1B5 /* qk-cui.h */ = {isa = PBXFileReference; fileEncoding = 4; lastKnownFileType = sourcecode.c.h; path = "qk-cui.h"; sourceTree = "<group>"; };
		ECCAEC381752DF8E006CB1B5 /* QKLayoutView.h */ = {isa = PBXFileReference; fileEncoding = 4; lastKnownFileType = sourcecode.c.h; path = QKLayoutView.h; sourceTree = "<group>"; };
		ECCAEC391752DF8E006CB1B5 /* QKLayoutView.m */ = {isa = PBXFileReference; fileEncoding = 4; lastKnownFileType = sourcecode.c.objc; path = QKLayoutView.m; sourceTree = "<group>"; };
		ECCAEC3B1752DF8E006CB1B5 /* NSArray+QK.h */ = {isa = PBXFileReference; fileEncoding = 4; lastKnownFileType = sourcecode.c.h; path = "NSArray+QK.h"; sourceTree = "<group>"; };
		ECCAEC3C1752DF8E006CB1B5 /* NSArray+QK.m */ = {isa = PBXFileReference; fileEncoding = 4; lastKnownFileType = sourcecode.c.objc; path = "NSArray+QK.m"; sourceTree = "<group>"; };
		ECCAEC3D1752DF8E006CB1B5 /* NSBundle+QK.h */ = {isa = PBXFileReference; fileEncoding = 4; lastKnownFileType = sourcecode.c.h; path = "NSBundle+QK.h"; sourceTree = "<group>"; };
		ECCAEC3E1752DF8E006CB1B5 /* NSBundle+QK.m */ = {isa = PBXFileReference; fileEncoding = 4; lastKnownFileType = sourcecode.c.objc; path = "NSBundle+QK.m"; sourceTree = "<group>"; };
		ECCAEC3F1752DF8E006CB1B5 /* NSData+QK.h */ = {isa = PBXFileReference; fileEncoding = 4; lastKnownFileType = sourcecode.c.h; path = "NSData+QK.h"; sourceTree = "<group>"; };
		ECCAEC401752DF8E006CB1B5 /* NSData+QK.m */ = {isa = PBXFileReference; fileEncoding = 4; lastKnownFileType = sourcecode.c.objc; path = "NSData+QK.m"; sourceTree = "<group>"; };
		ECCAEC411752DF8E006CB1B5 /* NSDate+QK.h */ = {isa = PBXFileReference; fileEncoding = 4; lastKnownFileType = sourcecode.c.h; path = "NSDate+QK.h"; sourceTree = "<group>"; };
		ECCAEC421752DF8E006CB1B5 /* NSDate+QK.m */ = {isa = PBXFileReference; fileEncoding = 4; lastKnownFileType = sourcecode.c.objc; path = "NSDate+QK.m"; sourceTree = "<group>"; };
		ECCAEC431752DF8E006CB1B5 /* NSDictionary+QK.h */ = {isa = PBXFileReference; fileEncoding = 4; lastKnownFileType = sourcecode.c.h; path = "NSDictionary+QK.h"; sourceTree = "<group>"; };
		ECCAEC441752DF8E006CB1B5 /* NSDictionary+QK.m */ = {isa = PBXFileReference; fileEncoding = 4; lastKnownFileType = sourcecode.c.objc; path = "NSDictionary+QK.m"; sourceTree = "<group>"; };
		ECCAEC451752DF8E006CB1B5 /* NSError+QK.h */ = {isa = PBXFileReference; fileEncoding = 4; lastKnownFileType = sourcecode.c.h; path = "NSError+QK.h"; sourceTree = "<group>"; };
		ECCAEC461752DF8E006CB1B5 /* NSError+QK.m */ = {isa = PBXFileReference; fileEncoding = 4; lastKnownFileType = sourcecode.c.objc; path = "NSError+QK.m"; sourceTree = "<group>"; };
		ECCAEC471752DF8E006CB1B5 /* NSJSONSerialization+QK.h */ = {isa = PBXFileReference; fileEncoding = 4; lastKnownFileType = sourcecode.c.h; path = "NSJSONSerialization+QK.h"; sourceTree = "<group>"; };
		ECCAEC481752DF8E006CB1B5 /* NSJSONSerialization+QK.m */ = {isa = PBXFileReference; fileEncoding = 4; lastKnownFileType = sourcecode.c.objc; path = "NSJSONSerialization+QK.m"; sourceTree = "<group>"; };
		ECCAEC491752DF8E006CB1B5 /* NSMutableData+QK.h */ = {isa = PBXFileReference; fileEncoding = 4; lastKnownFileType = sourcecode.c.h; path = "NSMutableData+QK.h"; sourceTree = "<group>"; };
		ECCAEC4A1752DF8E006CB1B5 /* NSMutableData+QK.m */ = {isa = PBXFileReference; fileEncoding = 4; lastKnownFileType = sourcecode.c.objc; path = "NSMutableData+QK.m"; sourceTree = "<group>"; };
		ECCAEC4B1752DF8E006CB1B5 /* NSMutableDictionary+QK.h */ = {isa = PBXFileReference; fileEncoding = 4; lastKnownFileType = sourcecode.c.h; path = "NSMutableDictionary+QK.h"; sourceTree = "<group>"; };
		ECCAEC4C1752DF8E006CB1B5 /* NSMutableDictionary+QK.m */ = {isa = PBXFileReference; fileEncoding = 4; lastKnownFileType = sourcecode.c.objc; path = "NSMutableDictionary+QK.m"; sourceTree = "<group>"; };
		ECCAEC4D1752DF8E006CB1B5 /* NSObject+JNB.h */ = {isa = PBXFileReference; fileEncoding = 4; lastKnownFileType = sourcecode.c.h; path = "NSObject+JNB.h"; sourceTree = "<group>"; };
		ECCAEC4E1752DF8E006CB1B5 /* NSObject+JNB.m */ = {isa = PBXFileReference; fileEncoding = 4; lastKnownFileType = sourcecode.c.objc; path = "NSObject+JNB.m"; sourceTree = "<group>"; };
		ECCAEC4F1752DF8E006CB1B5 /* NSObject+QK.h */ = {isa = PBXFileReference; fileEncoding = 4; lastKnownFileType = sourcecode.c.h; path = "NSObject+QK.h"; sourceTree = "<group>"; };
		ECCAEC501752DF8E006CB1B5 /* NSObject+QK.m */ = {isa = PBXFileReference; fileEncoding = 4; lastKnownFileType = sourcecode.c.objc; path = "NSObject+QK.m"; sourceTree = "<group>"; };
		ECCAEC511752DF8E006CB1B5 /* NSOutputStream+QK.h */ = {isa = PBXFileReference; fileEncoding = 4; lastKnownFileType = sourcecode.c.h; path = "NSOutputStream+QK.h"; sourceTree = "<group>"; };
		ECCAEC521752DF8E006CB1B5 /* NSOutputStream+QK.m */ = {isa = PBXFileReference; fileEncoding = 4; lastKnownFileType = sourcecode.c.objc; path = "NSOutputStream+QK.m"; sourceTree = "<group>"; };
		ECCAEC531752DF8E006CB1B5 /* NSString+QK.h */ = {isa = PBXFileReference; fileEncoding = 4; lastKnownFileType = sourcecode.c.h; path = "NSString+QK.h"; sourceTree = "<group>"; };
		ECCAEC541752DF8E006CB1B5 /* NSString+QK.m */ = {isa = PBXFileReference; fileEncoding = 4; lastKnownFileType = sourcecode.c.objc; path = "NSString+QK.m"; sourceTree = "<group>"; };
		ECCAEC551752DF8E006CB1B5 /* NSTimer+QK.h */ = {isa = PBXFileReference; fileEncoding = 4; lastKnownFileType = sourcecode.c.h; path = "NSTimer+QK.h"; sourceTree = "<group>"; };
		ECCAEC561752DF8E006CB1B5 /* NSTimer+QK.m */ = {isa = PBXFileReference; fileEncoding = 4; lastKnownFileType = sourcecode.c.objc; path = "NSTimer+QK.m"; sourceTree = "<group>"; };
		ECCAEC571752DF8E006CB1B5 /* qk-foundation.h */ = {isa = PBXFileReference; fileEncoding = 4; lastKnownFileType = sourcecode.c.h; path = "qk-foundation.h"; sourceTree = "<group>"; };
		ECCAEC591752DF8E006CB1B5 /* GLEventHandler.h */ = {isa = PBXFileReference; fileEncoding = 4; lastKnownFileType = sourcecode.c.h; path = GLEventHandler.h; sourceTree = "<group>"; };
		ECCAEC5A1752DF8E006CB1B5 /* GLEventHandler.m */ = {isa = PBXFileReference; fileEncoding = 4; lastKnownFileType = sourcecode.c.objc; path = GLEventHandler.m; sourceTree = "<group>"; };
		ECCAEC5B1752DF8E006CB1B5 /* GLFragmentShader.h */ = {isa = PBXFileReference; fileEncoding = 4; lastKnownFileType = sourcecode.c.h; path = GLFragmentShader.h; sourceTree = "<group>"; };
		ECCAEC5C1752DF8E006CB1B5 /* GLFragmentShader.m */ = {isa = PBXFileReference; fileEncoding = 4; lastKnownFileType = sourcecode.c.objc; path = GLFragmentShader.m; sourceTree = "<group>"; };
		ECCAEC5D1752DF8E006CB1B5 /* GLLayer.h */ = {isa = PBXFileReference; fileEncoding = 4; lastKnownFileType = sourcecode.c.h; path = GLLayer.h; sourceTree = "<group>"; };
		ECCAEC5E1752DF8E006CB1B5 /* GLLayer.m */ = {isa = PBXFileReference; fileEncoding = 4; lastKnownFileType = sourcecode.c.objc; path = GLLayer.m; sourceTree = "<group>"; };
		ECCAEC5F1752DF8E006CB1B5 /* GLObject.h */ = {isa = PBXFileReference; fileEncoding = 4; lastKnownFileType = sourcecode.c.h; path = GLObject.h; sourceTree = "<group>"; };
		ECCAEC601752DF8E006CB1B5 /* GLObject.m */ = {isa = PBXFileReference; fileEncoding = 4; lastKnownFileType = sourcecode.c.objc; path = GLObject.m; sourceTree = "<group>"; };
		ECCAEC611752DF8E006CB1B5 /* GLProgram.h */ = {isa = PBXFileReference; fileEncoding = 4; lastKnownFileType = sourcecode.c.h; path = GLProgram.h; sourceTree = "<group>"; };
		ECCAEC621752DF8E006CB1B5 /* GLProgram.m */ = {isa = PBXFileReference; fileEncoding = 4; lastKnownFileType = sourcecode.c.objc; path = GLProgram.m; sourceTree = "<group>"; };
		ECCAEC631752DF8E006CB1B5 /* GLScene.h */ = {isa = PBXFileReference; fileEncoding = 4; lastKnownFileType = sourcecode.c.h; path = GLScene.h; sourceTree = "<group>"; };
		ECCAEC641752DF8E006CB1B5 /* GLShader.h */ = {isa = PBXFileReference; fileEncoding = 4; lastKnownFileType = sourcecode.c.h; path = GLShader.h; sourceTree = "<group>"; };
		ECCAEC651752DF8E006CB1B5 /* GLShader.m */ = {isa = PBXFileReference; fileEncoding = 4; lastKnownFileType = sourcecode.c.objc; path = GLShader.m; sourceTree = "<group>"; };
		ECCAEC661752DF8E006CB1B5 /* GLTestScene.h */ = {isa = PBXFileReference; fileEncoding = 4; lastKnownFileType = sourcecode.c.h; path = GLTestScene.h; sourceTree = "<group>"; };
		ECCAEC671752DF8E006CB1B5 /* GLTestScene.m */ = {isa = PBXFileReference; fileEncoding = 4; lastKnownFileType = sourcecode.c.objc; path = GLTestScene.m; sourceTree = "<group>"; };
		ECCAEC681752DF8E006CB1B5 /* GLTexture.h */ = {isa = PBXFileReference; fileEncoding = 4; lastKnownFileType = sourcecode.c.h; path = GLTexture.h; sourceTree = "<group>"; };
		ECCAEC691752DF8E006CB1B5 /* GLTexture.m */ = {isa = PBXFileReference; fileEncoding = 4; lastKnownFileType = sourcecode.c.objc; path = GLTexture.m; sourceTree = "<group>"; };
		ECCAEC6A1752DF8E006CB1B5 /* GLVertexShader.h */ = {isa = PBXFileReference; fileEncoding = 4; lastKnownFileType = sourcecode.c.h; path = GLVertexShader.h; sourceTree = "<group>"; };
		ECCAEC6B1752DF8E006CB1B5 /* GLVertexShader.m */ = {isa = PBXFileReference; fileEncoding = 4; lastKnownFileType = sourcecode.c.objc; path = GLVertexShader.m; sourceTree = "<group>"; };
		ECCAEC6C1752DF8E006CB1B5 /* GLView.h */ = {isa = PBXFileReference; fileEncoding = 4; lastKnownFileType = sourcecode.c.h; path = GLView.h; sourceTree = "<group>"; };
		ECCAEC6D1752DF8E006CB1B5 /* GLView.m */ = {isa = PBXFileReference; fileEncoding = 4; lastKnownFileType = sourcecode.c.objc; path = GLView.m; sourceTree = "<group>"; };
		ECCAEC6E1752DF8E006CB1B5 /* qk-gl-util.h */ = {isa = PBXFileReference; fileEncoding = 4; lastKnownFileType = sourcecode.c.h; path = "qk-gl-util.h"; sourceTree = "<group>"; };
		ECCAEC6F1752DF8E006CB1B5 /* qk-gl-util.m */ = {isa = PBXFileReference; fileEncoding = 4; lastKnownFileType = sourcecode.c.objc; path = "qk-gl-util.m"; sourceTree = "<group>"; };
		ECCAEC701752DF8E006CB1B5 /* qk-gl.h */ = {isa = PBXFileReference; fileEncoding = 4; lastKnownFileType = sourcecode.c.h; path = "qk-gl.h"; sourceTree = "<group>"; };
		ECCAEC721752DF8E006CB1B5 /* qk-jpg.h */ = {isa = PBXFileReference; fileEncoding = 4; lastKnownFileType = sourcecode.c.h; path = "qk-jpg.h"; sourceTree = "<group>"; };
		ECCAEC731752DF8E006CB1B5 /* QKImage+JPG.h */ = {isa = PBXFileReference; fileEncoding = 4; lastKnownFileType = sourcecode.c.h; path = "QKImage+JPG.h"; sourceTree = "<group>"; };
		ECCAEC741752DF8E006CB1B5 /* QKImage+JPG.m */ = {isa = PBXFileReference; fileEncoding = 4; lastKnownFileType = sourcecode.c.objc; path = "QKImage+JPG.m"; sourceTree = "<group>"; };
		ECCAEC761752DF8E006CB1B5 /* qk-png.h */ = {isa = PBXFileReference; fileEncoding = 4; lastKnownFileType = sourcecode.c.h; path = "qk-png.h"; sourceTree = "<group>"; };
		ECCAEC771752DF8E006CB1B5 /* QKImage+PNG.h */ = {isa = PBXFileReference; fileEncoding = 4; lastKnownFileType = sourcecode.c.h; path = "QKImage+PNG.h"; sourceTree = "<group>"; };
		ECCAEC781752DF8E006CB1B5 /* QKImage+PNG.m */ = {isa = PBXFileReference; fileEncoding = 4; lastKnownFileType = sourcecode.c.objc; path = "QKImage+PNG.m"; sourceTree = "<group>"; };
		ECCAEC7A1752DF8E006CB1B5 /* qk-sql-util.h */ = {isa = PBXFileReference; fileEncoding = 4; lastKnownFileType = sourcecode.c.h; path = "qk-sql-util.h"; sourceTree = "<group>"; };
		ECCAEC7B1752DF8E006CB1B5 /* qk-sql-util.m */ = {isa = PBXFileReference; fileEncoding = 4; lastKnownFileType = sourcecode.c.objc; path = "qk-sql-util.m"; sourceTree = "<group>"; };
		ECCAEC7C1752DF8E006CB1B5 /* qk-sql.h */ = {isa = PBXFileReference; fileEncoding = 4; lastKnownFileType = sourcecode.c.h; path = "qk-sql.h"; sourceTree = "<group>"; };
		ECCAEC7D1752DF8E006CB1B5 /* SqlDatabase.h */ = {isa = PBXFileReference; fileEncoding = 4; lastKnownFileType = sourcecode.c.h; path = SqlDatabase.h; sourceTree = "<group>"; };
		ECCAEC7E1752DF8E006CB1B5 /* SqlDatabase.m */ = {isa = PBXFileReference; fileEncoding = 4; lastKnownFileType = sourcecode.c.objc; path = SqlDatabase.m; sourceTree = "<group>"; };
		ECCAEC7F1752DF8E006CB1B5 /* SqlStatement.h */ = {isa = PBXFileReference; fileEncoding = 4; lastKnownFileType = sourcecode.c.h; path = SqlStatement.h; sourceTree = "<group>"; };
		ECCAEC801752DF8E006CB1B5 /* SqlStatement.m */ = {isa = PBXFileReference; fileEncoding = 4; lastKnownFileType = sourcecode.c.objc; path = SqlStatement.m; sourceTree = "<group>"; };
		ECCAEC811752DF8E006CB1B5 /* source-qk.h */ = {isa = PBXFileReference; fileEncoding = 4; lastKnownFileType = sourcecode.c.h; path = "source-qk.h"; sourceTree = "<group>"; };
		ECCAEC841752DF8E006CB1B5 /* QKApplicationDelegate.h */ = {isa = PBXFileReference; fileEncoding = 4; lastKnownFileType = sourcecode.c.h; path = QKApplicationDelegate.h; sourceTree = "<group>"; };
		ECCAEC851752DF8E006CB1B5 /* QKApplicationDelegate.m */ = {isa = PBXFileReference; fileEncoding = 4; lastKnownFileType = sourcecode.c.objc; path = QKApplicationDelegate.m; sourceTree = "<group>"; };
		ECCAEC861752DF8E006CB1B5 /* QKButton.h */ = {isa = PBXFileReference; fileEncoding = 4; lastKnownFileType = sourcecode.c.h; path = QKButton.h; sourceTree = "<group>"; };
		ECCAEC871752DF8E006CB1B5 /* QKButton.m */ = {isa = PBXFileReference; fileEncoding = 4; lastKnownFileType = sourcecode.c.objc; path = QKButton.m; sourceTree = "<group>"; };
		ECCAEC881752DF8E006CB1B5 /* QKImageView.h */ = {isa = PBXFileReference; fileEncoding = 4; lastKnownFileType = sourcecode.c.h; path = QKImageView.h; sourceTree = "<group>"; };
		ECCAEC891752DF8E006CB1B5 /* QKImageView.m */ = {isa = PBXFileReference; fileEncoding = 4; lastKnownFileType = sourcecode.c.objc; path = QKImageView.m; sourceTree = "<group>"; };
		ECCAEC8A1752DF8E006CB1B5 /* QKLabel.h */ = {isa = PBXFileReference; fileEncoding = 4; lastKnownFileType = sourcecode.c.h; path = QKLabel.h; sourceTree = "<group>"; };
		ECCAEC8B1752DF8E006CB1B5 /* QKLabel.m */ = {isa = PBXFileReference; fileEncoding = 4; lastKnownFileType = sourcecode.c.objc; path = QKLabel.m; sourceTree = "<group>"; };
		ECCAEC8C1752DF8E006CB1B5 /* QKLitView.h */ = {isa = PBXFileReference; fileEncoding = 4; lastKnownFileType = sourcecode.c.h; path = QKLitView.h; sourceTree = "<group>"; };
		ECCAEC8D1752DF8E006CB1B5 /* qkm.h */ = {isa = PBXFileReference; fileEncoding = 4; lastKnownFileType = sourcecode.c.h; path = qkm.h; sourceTree = "<group>"; };
		ECCAEC8E1752DF8E006CB1B5 /* QKScrollView.h */ = {isa = PBXFileReference; fileEncoding = 4; lastKnownFileType = sourcecode.c.h; path = QKScrollView.h; sourceTree = "<group>"; };
		ECCAEC8F1752DF8E006CB1B5 /* QKScrollView.m */ = {isa = PBXFileReference; fileEncoding = 4; lastKnownFileType = sourcecode.c.objc; path = QKScrollView.m; sourceTree = "<group>"; };
		ECCAEC901752DF8E006CB1B5 /* QKTableController.h */ = {isa = PBXFileReference; fileEncoding = 4; lastKnownFileType = sourcecode.c.h; path = QKTableController.h; sourceTree = "<group>"; };
		ECCAEC911752DF8E006CB1B5 /* QKTableController.m */ = {isa = PBXFileReference; fileEncoding = 4; lastKnownFileType = sourcecode.c.objc; path = QKTableController.m; sourceTree = "<group>"; };
		ECCAEC921752DF8E006CB1B5 /* QKTextView.h */ = {isa = PBXFileReference; fileEncoding = 4; lastKnownFileType = sourcecode.c.h; path = QKTextView.h; sourceTree = "<group>"; };
		ECCAEC931752DF8E006CB1B5 /* QKTextView.m */ = {isa = PBXFileReference; fileEncoding = 4; lastKnownFileType = sourcecode.c.objc; path = QKTextView.m; sourceTree = "<group>"; };
		ECCAEC941752DF8E006CB1B5 /* QKUITableView.h */ = {isa = PBXFileReference; fileEncoding = 4; lastKnownFileType = sourcecode.c.h; path = QKUITableView.h; sourceTree = "<group>"; };
		ECCAEC951752DF8E006CB1B5 /* QKUITableView.m */ = {isa = PBXFileReference; fileEncoding = 4; lastKnownFileType = sourcecode.c.objc; path = QKUITableView.m; sourceTree = "<group>"; };
		ECCAEC961752DF8E006CB1B5 /* QKViewController.h */ = {isa = PBXFileReference; fileEncoding = 4; lastKnownFileType = sourcecode.c.h; path = QKViewController.h; sourceTree = "<group>"; };
		ECCAEC971752DF8E006CB1B5 /* QKViewController.m */ = {isa = PBXFileReference; fileEncoding = 4; lastKnownFileType = sourcecode.c.objc; path = QKViewController.m; sourceTree = "<group>"; };
		ECCAEC991752DF8E006CB1B5 /* CADisplayLink+QK.h */ = {isa = PBXFileReference; fileEncoding = 4; lastKnownFileType = sourcecode.c.h; path = "CADisplayLink+QK.h"; sourceTree = "<group>"; };
		ECCAEC9A1752DF8E006CB1B5 /* CADisplayLink+QK.m */ = {isa = PBXFileReference; fileEncoding = 4; lastKnownFileType = sourcecode.c.objc; path = "CADisplayLink+QK.m"; sourceTree = "<group>"; };
		ECCAEC9B1752DF8E006CB1B5 /* qkm-ca.h */ = {isa = PBXFileReference; fileEncoding = 4; lastKnownFileType = sourcecode.c.h; path = "qkm-ca.h"; sourceTree = "<group>"; };
		ECCAEC9D1752DF8E006CB1B5 /* NSString+QKM.h */ = {isa = PBXFileReference; fileEncoding = 4; lastKnownFileType = sourcecode.c.h; path = "NSString+QKM.h"; sourceTree = "<group>"; };
		ECCAEC9E1752DF8E006CB1B5 /* NSString+QKM.m */ = {isa = PBXFileReference; fileEncoding = 4; lastKnownFileType = sourcecode.c.objc; path = "NSString+QKM.m"; sourceTree = "<group>"; };
		ECCAEC9F1752DF8E006CB1B5 /* qkm-foundation.h */ = {isa = PBXFileReference; fileEncoding = 4; lastKnownFileType = sourcecode.c.h; path = "qkm-foundation.h"; sourceTree = "<group>"; };
		ECCAECA11752DF8E006CB1B5 /* qkm-uikit.h */ = {isa = PBXFileReference; fileEncoding = 4; lastKnownFileType = sourcecode.c.h; path = "qkm-uikit.h"; sourceTree = "<group>"; };
		ECCAECA21752DF8E006CB1B5 /* UIApplication+QK.h */ = {isa = PBXFileReference; fileEncoding = 4; lastKnownFileType = sourcecode.c.h; path = "UIApplication+QK.h"; sourceTree = "<group>"; };
		ECCAECA31752DF8E006CB1B5 /* UIApplication+QK.m */ = {isa = PBXFileReference; fileEncoding = 4; lastKnownFileType = sourcecode.c.objc; path = "UIApplication+QK.m"; sourceTree = "<group>"; };
		ECCAECA41752DF8E006CB1B5 /* UIBarButtonItem+QK.h */ = {isa = PBXFileReference; fileEncoding = 4; lastKnownFileType = sourcecode.c.h; path = "UIBarButtonItem+QK.h"; sourceTree = "<group>"; };
		ECCAECA51752DF8E006CB1B5 /* UIBarButtonItem+QK.m */ = {isa = PBXFileReference; fileEncoding = 4; lastKnownFileType = sourcecode.c.objc; path = "UIBarButtonItem+QK.m"; sourceTree = "<group>"; };
		ECCAECA61752DF8E006CB1B5 /* UIButton+QK.h */ = {isa = PBXFileReference; fileEncoding = 4; lastKnownFileType = sourcecode.c.h; path = "UIButton+QK.h"; sourceTree = "<group>"; };
		ECCAECA71752DF8E006CB1B5 /* UIButton+QK.m */ = {isa = PBXFileReference; fileEncoding = 4; lastKnownFileType = sourcecode.c.objc; path = "UIButton+QK.m"; sourceTree = "<group>"; };
		ECCAECA81752DF8E006CB1B5 /* UIColor+QK.h */ = {isa = PBXFileReference; fileEncoding = 4; lastKnownFileType = sourcecode.c.h; path = "UIColor+QK.h"; sourceTree = "<group>"; };
		ECCAECA91752DF8E006CB1B5 /* UIColor+QK.m */ = {isa = PBXFileReference; fileEncoding = 4; lastKnownFileType = sourcecode.c.objc; path = "UIColor+QK.m"; sourceTree = "<group>"; };
		ECCAECAA1752DF8E006CB1B5 /* UIImage+QK.h */ = {isa = PBXFileReference; fileEncoding = 4; lastKnownFileType = sourcecode.c.h; path = "UIImage+QK.h"; sourceTree = "<group>"; };
		ECCAECAB1752DF8E006CB1B5 /* UIImage+QK.m */ = {isa = PBXFileReference; fileEncoding = 4; lastKnownFileType = sourcecode.c.objc; path = "UIImage+QK.m"; sourceTree = "<group>"; };
		ECCAECAC1752DF8E006CB1B5 /* UIImageView+QK.h */ = {isa = PBXFileReference; fileEncoding = 4; lastKnownFileType = sourcecode.c.h; path = "UIImageView+QK.h"; sourceTree = "<group>"; };
		ECCAECAD1752DF8E006CB1B5 /* UIImageView+QK.m */ = {isa = PBXFileReference; fileEncoding = 4; lastKnownFileType = sourcecode.c.objc; path = "UIImageView+QK.m"; sourceTree = "<group>"; };
		ECCAECAE1752DF8E006CB1B5 /* UILabel+QK.h */ = {isa = PBXFileReference; fileEncoding = 4; lastKnownFileType = sourcecode.c.h; path = "UILabel+QK.h"; sourceTree = "<group>"; };
		ECCAECAF1752DF8E006CB1B5 /* UILabel+QK.m */ = {isa = PBXFileReference; fileEncoding = 4; lastKnownFileType = sourcecode.c.objc; path = "UILabel+QK.m"; sourceTree = "<group>"; };
		ECCAECB01752DF8E006CB1B5 /* UINavigationController+QK.h */ = {isa = PBXFileReference; fileEncoding = 4; lastKnownFileType = sourcecode.c.h; path = "UINavigationController+QK.h"; sourceTree = "<group>"; };
		ECCAECB11752DF8E006CB1B5 /* UINavigationController+QK.m */ = {isa = PBXFileReference; fileEncoding = 4; lastKnownFileType = sourcecode.c.objc; path = "UINavigationController+QK.m"; sourceTree = "<group>"; };
		ECCAECB21752DF8E006CB1B5 /* UIScrollView+QK.h */ = {isa = PBXFileReference; fileEncoding = 4; lastKnownFileType = sourcecode.c.h; path = "UIScrollView+QK.h"; sourceTree = "<group>"; };
		ECCAECB31752DF8E006CB1B5 /* UIScrollView+QK.m */ = {isa = PBXFileReference; fileEncoding = 4; lastKnownFileType = sourcecode.c.objc; path = "UIScrollView+QK.m"; sourceTree = "<group>"; };
		ECCAECB41752DF8E006CB1B5 /* UITableViewCell+QK.h */ = {isa = PBXFileReference; fileEncoding = 4; lastKnownFileType = sourcecode.c.h; path = "UITableViewCell+QK.h"; sourceTree = "<group>"; };
		ECCAECB51752DF8E006CB1B5 /* UITableViewCell+QK.m */ = {isa = PBXFileReference; fileEncoding = 4; lastKnownFileType = sourcecode.c.objc; path = "UITableViewCell+QK.m"; sourceTree = "<group>"; };
		ECCAECB61752DF8E006CB1B5 /* UIView+QK.h */ = {isa = PBXFileReference; fileEncoding = 4; lastKnownFileType = sourcecode.c.h; path = "UIView+QK.h"; sourceTree = "<group>"; };
		ECCAECB71752DF8E006CB1B5 /* UIView+QK.m */ = {isa = PBXFileReference; fileEncoding = 4; lastKnownFileType = sourcecode.c.objc; path = "UIView+QK.m"; sourceTree = "<group>"; };
		ECCAECB81752DF8E006CB1B5 /* UIViewController+QK.h */ = {isa = PBXFileReference; fileEncoding = 4; lastKnownFileType = sourcecode.c.h; path = "UIViewController+QK.h"; sourceTree = "<group>"; };
		ECCAECB91752DF8E006CB1B5 /* UIViewController+QK.m */ = {isa = PBXFileReference; fileEncoding = 4; lastKnownFileType = sourcecode.c.objc; path = "UIViewController+QK.m"; sourceTree = "<group>"; };
		ECCAECBA1752DF8E006CB1B5 /* source-qk-ios.h */ = {isa = PBXFileReference; fileEncoding = 4; lastKnownFileType = sourcecode.c.h; path = "source-qk-ios.h"; sourceTree = "<group>"; };
/* End PBXFileReference section */

/* Begin PBXFrameworksBuildPhase section */
		ECB7FB4317445D64002A4B71 /* Frameworks */ = {
			isa = PBXFrameworksBuildPhase;
			buildActionMask = 2147483647;
			files = (
				EC99076D17570DC60041F268 /* GLKit.framework in Frameworks */,
				ECB259D11749BBF900CEAEE8 /* QuartzCore.framework in Frameworks */,
				ECB7FD0A17447079002A4B71 /* OpenGLES.framework in Frameworks */,
				ECB7FC6C1744600F002A4B71 /* libz.dylib in Frameworks */,
				ECB7FB4A17445D64002A4B71 /* UIKit.framework in Frameworks */,
				ECB7FB4C17445D64002A4B71 /* Foundation.framework in Frameworks */,
				ECB7FB4E17445D64002A4B71 /* CoreGraphics.framework in Frameworks */,
				ECB7FD0617447064002A4B71 /* libpng.a in Frameworks */,
				ECB7FD0717447064002A4B71 /* libsqlite3.a in Frameworks */,
				ECB7FD0817447064002A4B71 /* libturbojpeg.a in Frameworks */,
			);
			runOnlyForDeploymentPostprocessing = 0;
		};
/* End PBXFrameworksBuildPhase section */

/* Begin PBXGroup section */
		ECB517D4174D113900B24789 /* qk-resources */ = {
			isa = PBXGroup;
			children = (
				ECB517D5174D113A00B24789 /* qk-shaders */,
			);
			name = "qk-resources";
			path = "resources-qk";
			sourceTree = "<group>";
		};
		ECB517D5174D113A00B24789 /* qk-shaders */ = {
			isa = PBXGroup;
			children = (
				ECB517D7174D113A00B24789 /* image.vert */,
				ECB517E2174D11DD00B24789 /* pos-color.vert */,
				ECB517D8174D113A00B24789 /* pos.vert */,
				ECB517D6174D113A00B24789 /* image.frag */,
				ECB517D9174D113A00B24789 /* uni-color.frag */,
				ECB517DA174D113A00B24789 /* var-color.frag */,
			);
			path = "qk-shaders";
			sourceTree = "<group>";
		};
		ECB7FB3D17445D64002A4B71 = {
			isa = PBXGroup;
			children = (
				ECB7FB7D17445E19002A4B71 /* Default-568h@2x.png */,
				ECB7FB7B17445E16002A4B71 /* Default@2x.png */,
				ECB7FB7917445E0C002A4B71 /* Default.png */,
				ECB517D4174D113900B24789 /* qk-resources */,
				ECCAEBFB1752DF8E006CB1B5 /* source-qk */,
				ECCAEC821752DF8E006CB1B5 /* source-qk-ios */,
				ECB7FB6617445DA2002A4B71 /* test-qk-ios */,
				ECB7FCCA1744703A002A4B71 /* submodules */,
				ECB7FB4817445D64002A4B71 /* dependencies */,
				ECB7FB4717445D64002A4B71 /* Products */,
			);
			sourceTree = "<group>";
		};
		ECB7FB4717445D64002A4B71 /* Products */ = {
			isa = PBXGroup;
			children = (
				ECB7FB4617445D64002A4B71 /* test-qk-ios.app */,
			);
			name = Products;
			sourceTree = "<group>";
		};
		ECB7FB4817445D64002A4B71 /* dependencies */ = {
			isa = PBXGroup;
			children = (
				ECB259D01749BBF900CEAEE8 /* QuartzCore.framework */,
				ECB7FD0B17447086002A4B71 /* GLKit.framework */,
				ECB7FD0917447079002A4B71 /* OpenGLES.framework */,
				ECB7FC6B1744600F002A4B71 /* libz.dylib */,
				ECB7FB4917445D64002A4B71 /* UIKit.framework */,
				ECB7FB4B17445D64002A4B71 /* Foundation.framework */,
				ECB7FB4D17445D64002A4B71 /* CoreGraphics.framework */,
			);
			name = dependencies;
			sourceTree = "<group>";
		};
		ECB7FB6617445DA2002A4B71 /* test-qk-ios */ = {
			isa = PBXGroup;
			children = (
				EC74E0B1174F934400391A6D /* LabelController.h */,
				EC74E0B2174F934400391A6D /* LabelController.m */,
				ECB517C5174CF58900B24789 /* RootController.h */,
				ECB517C6174CF58900B24789 /* RootController.m */,
				ECB517CE174CFA8500B24789 /* ScrollController.h */,
				ECB517CF174CFA8500B24789 /* ScrollController.m */,
				ECB51784174CF2CB00B24789 /* source-qk-ios.h */,
				ECB7FB7017445DA2002A4B71 /* test-qk-ios-Info.plist */,
				ECB7FD0D174471D0002A4B71 /* AppDelegate.h */,
				ECB7FD0E174471D0002A4B71 /* AppDelegate.m */,
				ECB7FD0F174471D0002A4B71 /* main.m */,
				ECB7FD10174471D0002A4B71 /* test-qk-ios-prefix.pch */,
			);
			path = "test-qk-ios";
			sourceTree = "<group>";
		};
		ECB7FCCA1744703A002A4B71 /* submodules */ = {
			isa = PBXGroup;
			children = (
				ECB7FCCB1744703A002A4B71 /* libqk-built-ios */,
			);
			path = submodules;
			sourceTree = "<group>";
		};
		ECB7FCCB1744703A002A4B71 /* libqk-built-ios */ = {
			isa = PBXGroup;
			children = (
				ECB7FCCC1744703A002A4B71 /* .gitignore */,
				ECB7FCCD1744703A002A4B71 /* png */,
				ECB7FCD81744703A002A4B71 /* sqlite3 */,
				ECB7FCDE1744703A002A4B71 /* turbojpeg */,
			);
			path = "libqk-built-ios";
			sourceTree = "<group>";
		};
		ECB7FCCD1744703A002A4B71 /* png */ = {
			isa = PBXGroup;
			children = (
				ECB7FCCE1744703A002A4B71 /* include */,
				ECB7FCD61744703A002A4B71 /* lib */,
			);
			path = png;
			sourceTree = "<group>";
		};
		ECB7FCCE1744703A002A4B71 /* include */ = {
			isa = PBXGroup;
			children = (
				ECB7FCCF1744703A002A4B71 /* libpng15 */,
				ECB7FCD31744703A002A4B71 /* png.h */,
				ECB7FCD41744703A002A4B71 /* pngconf.h */,
				ECB7FCD51744703A002A4B71 /* pnglibconf.h */,
			);
			path = include;
			sourceTree = "<group>";
		};
		ECB7FCCF1744703A002A4B71 /* libpng15 */ = {
			isa = PBXGroup;
			children = (
				ECB7FCD01744703A002A4B71 /* png.h */,
				ECB7FCD11744703A002A4B71 /* pngconf.h */,
				ECB7FCD21744703A002A4B71 /* pnglibconf.h */,
			);
			path = libpng15;
			sourceTree = "<group>";
		};
		ECB7FCD61744703A002A4B71 /* lib */ = {
			isa = PBXGroup;
			children = (
				ECB7FCD71744703A002A4B71 /* libpng.a */,
			);
			path = lib;
			sourceTree = "<group>";
		};
		ECB7FCD81744703A002A4B71 /* sqlite3 */ = {
			isa = PBXGroup;
			children = (
				ECB7FCD91744703A002A4B71 /* include */,
				ECB7FCDC1744703A002A4B71 /* lib */,
			);
			path = sqlite3;
			sourceTree = "<group>";
		};
		ECB7FCD91744703A002A4B71 /* include */ = {
			isa = PBXGroup;
			children = (
				ECB7FCDA1744703A002A4B71 /* sqlite3.h */,
				ECB7FCDB1744703A002A4B71 /* sqlite3ext.h */,
			);
			path = include;
			sourceTree = "<group>";
		};
		ECB7FCDC1744703A002A4B71 /* lib */ = {
			isa = PBXGroup;
			children = (
				ECB7FCDD1744703A002A4B71 /* libsqlite3.a */,
			);
			path = lib;
			sourceTree = "<group>";
		};
		ECB7FCDE1744703A002A4B71 /* turbojpeg */ = {
			isa = PBXGroup;
			children = (
				ECB7FCDF1744703A002A4B71 /* include */,
				ECB7FCE51744703A002A4B71 /* lib */,
			);
			path = turbojpeg;
			sourceTree = "<group>";
		};
		ECB7FCDF1744703A002A4B71 /* include */ = {
			isa = PBXGroup;
			children = (
				ECB7FCE01744703A002A4B71 /* jconfig.h */,
				ECB7FCE11744703A002A4B71 /* jerror.h */,
				ECB7FCE21744703A002A4B71 /* jmorecfg.h */,
				ECB7FCE31744703A002A4B71 /* jpeglib.h */,
				ECB7FCE41744703A002A4B71 /* turbojpeg.h */,
			);
			path = include;
			sourceTree = "<group>";
		};
		ECB7FCE51744703A002A4B71 /* lib */ = {
			isa = PBXGroup;
			children = (
				ECB7FCE61744703A002A4B71 /* libturbojpeg.a */,
			);
			path = lib;
			sourceTree = "<group>";
		};
		ECCAEBFB1752DF8E006CB1B5 /* source-qk */ = {
			isa = PBXGroup;
			children = (
				ECCAEBFC1752DF8E006CB1B5 /* qk */,
				ECCAEC1C1752DF8E006CB1B5 /* qk-ca */,
				ECCAEC221752DF8E006CB1B5 /* qk-cf */,
				ECCAEC261752DF8E006CB1B5 /* qk-cg */,
				ECCAEC321752DF8E006CB1B5 /* qk-cui */,
				ECCAEC3A1752DF8E006CB1B5 /* qk-foundation */,
				ECCAEC581752DF8E006CB1B5 /* qk-gl */,
				ECCAEC711752DF8E006CB1B5 /* qk-jpg */,
				ECCAEC751752DF8E006CB1B5 /* qk-png */,
				ECCAEC791752DF8E006CB1B5 /* qk-sql */,
				ECCAEC811752DF8E006CB1B5 /* source-qk.h */,
			);
			path = "source-qk";
			sourceTree = "<group>";
		};
		ECCAEBFC1752DF8E006CB1B5 /* qk */ = {
			isa = PBXGroup;
			children = (
				ECCAEBFD1752DF8E006CB1B5 /* qk-block-types.h */,
				ECCAEBFE1752DF8E006CB1B5 /* qk-check.h */,
				ECCAEBFF1752DF8E006CB1B5 /* qk-check.m */,
				ECCAEC001752DF8E006CB1B5 /* qk-log.h */,
				ECCAEC011752DF8E006CB1B5 /* qk-log.m */,
				ECCAEC021752DF8E006CB1B5 /* qk-macros.h */,
				ECCAEC031752DF8E006CB1B5 /* qk-math.h */,
				ECCAEC041752DF8E006CB1B5 /* qk-math.m */,
				ECCAEC051752DF8E006CB1B5 /* qk-types.h */,
				ECCAEC061752DF8E006CB1B5 /* qk-vec.h */,
				ECCAEC071752DF8E006CB1B5 /* qk.h */,
				ECCAEC081752DF8E006CB1B5 /* QKBinding.h */,
				ECCAEC091752DF8E006CB1B5 /* QKBinding.m */,
				ECCAEC0A1752DF8E006CB1B5 /* QKData.h */,
				ECCAEC0B1752DF8E006CB1B5 /* QKData.m */,
				ECCAEC0C1752DF8E006CB1B5 /* QKDuo.h */,
				ECCAEC0D1752DF8E006CB1B5 /* QKDuo.m */,
				ECCAEC0E1752DF8E006CB1B5 /* QKErrorDomain.h */,
				ECCAEC0F1752DF8E006CB1B5 /* QKErrorDomain.m */,
				ECCAEC101752DF8E006CB1B5 /* QKImage.h */,
				ECCAEC111752DF8E006CB1B5 /* QKImage.m */,
				ECCAEC121752DF8E006CB1B5 /* QKMutableStructArray.h */,
				ECCAEC131752DF8E006CB1B5 /* QKMutableStructArray.m */,
				ECCAEC141752DF8E006CB1B5 /* QKPixFmt.h */,
				ECCAEC151752DF8E006CB1B5 /* QKPixFmt.m */,
				ECCAEC161752DF8E006CB1B5 /* QKStructArray.h */,
				ECCAEC171752DF8E006CB1B5 /* QKStructArray.m */,
				ECCAEC181752DF8E006CB1B5 /* QKSubData.h */,
				ECCAEC191752DF8E006CB1B5 /* QKSubData.m */,
				ECCAEC1A1752DF8E006CB1B5 /* QKTag.h */,
				ECCAEC1B1752DF8E006CB1B5 /* QKTag.m */,
			);
			path = qk;
			sourceTree = "<group>";
		};
		ECCAEC1C1752DF8E006CB1B5 /* qk-ca */ = {
			isa = PBXGroup;
			children = (
				ECCAEC1D1752DF8E006CB1B5 /* CALayer+QK.h */,
				ECCAEC1E1752DF8E006CB1B5 /* CALayer+QK.m */,
				ECCAEC1F1752DF8E006CB1B5 /* qk-ca.h */,
				ECCAEC201752DF8E006CB1B5 /* QKTextLayer.h */,
				ECCAEC211752DF8E006CB1B5 /* QKTextLayer.m */,
			);
			path = "qk-ca";
			sourceTree = "<group>";
		};
		ECCAEC221752DF8E006CB1B5 /* qk-cf */ = {
			isa = PBXGroup;
			children = (
				ECCAEC231752DF8E006CB1B5 /* qk-cf.h */,
				ECCAEC241752DF8E006CB1B5 /* QKCFObject.h */,
				ECCAEC251752DF8E006CB1B5 /* QKCFObject.m */,
			);
			path = "qk-cf";
			sourceTree = "<group>";
		};
		ECCAEC261752DF8E006CB1B5 /* qk-cg */ = {
			isa = PBXGroup;
			children = (
				ECCAEC271752DF8E006CB1B5 /* qk-cg-util.h */,
				ECCAEC281752DF8E006CB1B5 /* qk-cg-util.m */,
				ECCAEC291752DF8E006CB1B5 /* qk-cg.h */,
				ECCAEC2A1752DF8E006CB1B5 /* QKCGBitmapContext.h */,
				ECCAEC2B1752DF8E006CB1B5 /* QKCGBitmapContext.m */,
				ECCAEC2C1752DF8E006CB1B5 /* QKCGColorSpace.h */,
				ECCAEC2D1752DF8E006CB1B5 /* QKCGColorSpace.m */,
				ECCAEC2E1752DF8E006CB1B5 /* QKCGContext.h */,
				ECCAEC2F1752DF8E006CB1B5 /* QKCGContext.m */,
				ECCAEC301752DF8E006CB1B5 /* QKCGImage.h */,
				ECCAEC311752DF8E006CB1B5 /* QKCGImage.m */,
			);
			path = "qk-cg";
			sourceTree = "<group>";
		};
		ECCAEC321752DF8E006CB1B5 /* qk-cui */ = {
			isa = PBXGroup;
			children = (
				ECCAEC331752DF8E006CB1B5 /* CCAGLLayer.h */,
				ECCAEC341752DF8E006CB1B5 /* CCAGLLayer.m */,
				ECCAEC351752DF8E006CB1B5 /* CUIView.h */,
				ECCAEC361752DF8E006CB1B5 /* CUIView.m */,
				ECCAEC371752DF8E006CB1B5 /* qk-cui.h */,
				ECCAEC381752DF8E006CB1B5 /* QKLayoutView.h */,
				ECCAEC391752DF8E006CB1B5 /* QKLayoutView.m */,
			);
			path = "qk-cui";
			sourceTree = "<group>";
		};
		ECCAEC3A1752DF8E006CB1B5 /* qk-foundation */ = {
			isa = PBXGroup;
			children = (
				ECCAEC3B1752DF8E006CB1B5 /* NSArray+QK.h */,
				ECCAEC3C1752DF8E006CB1B5 /* NSArray+QK.m */,
				ECCAEC3D1752DF8E006CB1B5 /* NSBundle+QK.h */,
				ECCAEC3E1752DF8E006CB1B5 /* NSBundle+QK.m */,
				ECCAEC3F1752DF8E006CB1B5 /* NSData+QK.h */,
				ECCAEC401752DF8E006CB1B5 /* NSData+QK.m */,
				ECCAEC411752DF8E006CB1B5 /* NSDate+QK.h */,
				ECCAEC421752DF8E006CB1B5 /* NSDate+QK.m */,
				ECCAEC431752DF8E006CB1B5 /* NSDictionary+QK.h */,
				ECCAEC441752DF8E006CB1B5 /* NSDictionary+QK.m */,
				ECCAEC451752DF8E006CB1B5 /* NSError+QK.h */,
				ECCAEC461752DF8E006CB1B5 /* NSError+QK.m */,
				ECCAEC471752DF8E006CB1B5 /* NSJSONSerialization+QK.h */,
				ECCAEC481752DF8E006CB1B5 /* NSJSONSerialization+QK.m */,
				ECCAEC491752DF8E006CB1B5 /* NSMutableData+QK.h */,
				ECCAEC4A1752DF8E006CB1B5 /* NSMutableData+QK.m */,
				ECCAEC4B1752DF8E006CB1B5 /* NSMutableDictionary+QK.h */,
				ECCAEC4C1752DF8E006CB1B5 /* NSMutableDictionary+QK.m */,
				ECCAEC4D1752DF8E006CB1B5 /* NSObject+JNB.h */,
				ECCAEC4E1752DF8E006CB1B5 /* NSObject+JNB.m */,
				ECCAEC4F1752DF8E006CB1B5 /* NSObject+QK.h */,
				ECCAEC501752DF8E006CB1B5 /* NSObject+QK.m */,
				ECCAEC511752DF8E006CB1B5 /* NSOutputStream+QK.h */,
				ECCAEC521752DF8E006CB1B5 /* NSOutputStream+QK.m */,
				ECCAEC531752DF8E006CB1B5 /* NSString+QK.h */,
				ECCAEC541752DF8E006CB1B5 /* NSString+QK.m */,
				ECCAEC551752DF8E006CB1B5 /* NSTimer+QK.h */,
				ECCAEC561752DF8E006CB1B5 /* NSTimer+QK.m */,
				ECCAEC571752DF8E006CB1B5 /* qk-foundation.h */,
			);
			path = "qk-foundation";
			sourceTree = "<group>";
		};
		ECCAEC581752DF8E006CB1B5 /* qk-gl */ = {
			isa = PBXGroup;
			children = (
				ECCAEC591752DF8E006CB1B5 /* GLEventHandler.h */,
				ECCAEC5A1752DF8E006CB1B5 /* GLEventHandler.m */,
				ECCAEC5B1752DF8E006CB1B5 /* GLFragmentShader.h */,
				ECCAEC5C1752DF8E006CB1B5 /* GLFragmentShader.m */,
				ECCAEC5D1752DF8E006CB1B5 /* GLLayer.h */,
				ECCAEC5E1752DF8E006CB1B5 /* GLLayer.m */,
				ECCAEC5F1752DF8E006CB1B5 /* GLObject.h */,
				ECCAEC601752DF8E006CB1B5 /* GLObject.m */,
				ECCAEC611752DF8E006CB1B5 /* GLProgram.h */,
				ECCAEC621752DF8E006CB1B5 /* GLProgram.m */,
				ECCAEC631752DF8E006CB1B5 /* GLScene.h */,
				ECCAEC641752DF8E006CB1B5 /* GLShader.h */,
				ECCAEC651752DF8E006CB1B5 /* GLShader.m */,
				ECCAEC661752DF8E006CB1B5 /* GLTestScene.h */,
				ECCAEC671752DF8E006CB1B5 /* GLTestScene.m */,
				ECCAEC681752DF8E006CB1B5 /* GLTexture.h */,
				ECCAEC691752DF8E006CB1B5 /* GLTexture.m */,
				ECCAEC6A1752DF8E006CB1B5 /* GLVertexShader.h */,
				ECCAEC6B1752DF8E006CB1B5 /* GLVertexShader.m */,
				ECCAEC6C1752DF8E006CB1B5 /* GLView.h */,
				ECCAEC6D1752DF8E006CB1B5 /* GLView.m */,
				ECCAEC6E1752DF8E006CB1B5 /* qk-gl-util.h */,
				ECCAEC6F1752DF8E006CB1B5 /* qk-gl-util.m */,
				ECCAEC701752DF8E006CB1B5 /* qk-gl.h */,
			);
			path = "qk-gl";
			sourceTree = "<group>";
		};
		ECCAEC711752DF8E006CB1B5 /* qk-jpg */ = {
			isa = PBXGroup;
			children = (
				ECCAEC721752DF8E006CB1B5 /* qk-jpg.h */,
				ECCAEC731752DF8E006CB1B5 /* QKImage+JPG.h */,
				ECCAEC741752DF8E006CB1B5 /* QKImage+JPG.m */,
			);
			path = "qk-jpg";
			sourceTree = "<group>";
		};
		ECCAEC751752DF8E006CB1B5 /* qk-png */ = {
			isa = PBXGroup;
			children = (
				ECCAEC761752DF8E006CB1B5 /* qk-png.h */,
				ECCAEC771752DF8E006CB1B5 /* QKImage+PNG.h */,
				ECCAEC781752DF8E006CB1B5 /* QKImage+PNG.m */,
			);
			path = "qk-png";
			sourceTree = "<group>";
		};
		ECCAEC791752DF8E006CB1B5 /* qk-sql */ = {
			isa = PBXGroup;
			children = (
				ECCAEC7A1752DF8E006CB1B5 /* qk-sql-util.h */,
				ECCAEC7B1752DF8E006CB1B5 /* qk-sql-util.m */,
				ECCAEC7C1752DF8E006CB1B5 /* qk-sql.h */,
				ECCAEC7D1752DF8E006CB1B5 /* SqlDatabase.h */,
				ECCAEC7E1752DF8E006CB1B5 /* SqlDatabase.m */,
				ECCAEC7F1752DF8E006CB1B5 /* SqlStatement.h */,
				ECCAEC801752DF8E006CB1B5 /* SqlStatement.m */,
			);
			path = "qk-sql";
			sourceTree = "<group>";
		};
		ECCAEC821752DF8E006CB1B5 /* source-qk-ios */ = {
			isa = PBXGroup;
			children = (
				ECCAEC831752DF8E006CB1B5 /* qkm */,
				ECCAEC981752DF8E006CB1B5 /* qkm-ca */,
				ECCAEC9C1752DF8E006CB1B5 /* qkm-foundation */,
				ECCAECA01752DF8E006CB1B5 /* qkm-uikit */,
				ECCAECBA1752DF8E006CB1B5 /* source-qk-ios.h */,
			);
			path = "source-qk-ios";
			sourceTree = "<group>";
		};
		ECCAEC831752DF8E006CB1B5 /* qkm */ = {
			isa = PBXGroup;
			children = (
				ECCAEC841752DF8E006CB1B5 /* QKApplicationDelegate.h */,
				ECCAEC851752DF8E006CB1B5 /* QKApplicationDelegate.m */,
				ECCAEC861752DF8E006CB1B5 /* QKButton.h */,
				ECCAEC871752DF8E006CB1B5 /* QKButton.m */,
				ECCAEC881752DF8E006CB1B5 /* QKImageView.h */,
				ECCAEC891752DF8E006CB1B5 /* QKImageView.m */,
				ECCAEC8A1752DF8E006CB1B5 /* QKLabel.h */,
				ECCAEC8B1752DF8E006CB1B5 /* QKLabel.m */,
				ECCAEC8C1752DF8E006CB1B5 /* QKLitView.h */,
				ECCAEC8D1752DF8E006CB1B5 /* qkm.h */,
				ECCAEC8E1752DF8E006CB1B5 /* QKScrollView.h */,
				ECCAEC8F1752DF8E006CB1B5 /* QKScrollView.m */,
				ECCAEC901752DF8E006CB1B5 /* QKTableController.h */,
				ECCAEC911752DF8E006CB1B5 /* QKTableController.m */,
				ECCAEC921752DF8E006CB1B5 /* QKTextView.h */,
				ECCAEC931752DF8E006CB1B5 /* QKTextView.m */,
				ECCAEC941752DF8E006CB1B5 /* QKUITableView.h */,
				ECCAEC951752DF8E006CB1B5 /* QKUITableView.m */,
				ECCAEC961752DF8E006CB1B5 /* QKViewController.h */,
				ECCAEC971752DF8E006CB1B5 /* QKViewController.m */,
			);
			path = qkm;
			sourceTree = "<group>";
		};
		ECCAEC981752DF8E006CB1B5 /* qkm-ca */ = {
			isa = PBXGroup;
			children = (
				ECCAEC991752DF8E006CB1B5 /* CADisplayLink+QK.h */,
				ECCAEC9A1752DF8E006CB1B5 /* CADisplayLink+QK.m */,
				ECCAEC9B1752DF8E006CB1B5 /* qkm-ca.h */,
			);
			path = "qkm-ca";
			sourceTree = "<group>";
		};
		ECCAEC9C1752DF8E006CB1B5 /* qkm-foundation */ = {
			isa = PBXGroup;
			children = (
				ECCAEC9D1752DF8E006CB1B5 /* NSString+QKM.h */,
				ECCAEC9E1752DF8E006CB1B5 /* NSString+QKM.m */,
				ECCAEC9F1752DF8E006CB1B5 /* qkm-foundation.h */,
			);
			path = "qkm-foundation";
			sourceTree = "<group>";
		};
		ECCAECA01752DF8E006CB1B5 /* qkm-uikit */ = {
			isa = PBXGroup;
			children = (
				ECCAECA11752DF8E006CB1B5 /* qkm-uikit.h */,
				ECCAECA21752DF8E006CB1B5 /* UIApplication+QK.h */,
				ECCAECA31752DF8E006CB1B5 /* UIApplication+QK.m */,
				ECCAECA41752DF8E006CB1B5 /* UIBarButtonItem+QK.h */,
				ECCAECA51752DF8E006CB1B5 /* UIBarButtonItem+QK.m */,
				ECCAECA61752DF8E006CB1B5 /* UIButton+QK.h */,
				ECCAECA71752DF8E006CB1B5 /* UIButton+QK.m */,
				ECCAECA81752DF8E006CB1B5 /* UIColor+QK.h */,
				ECCAECA91752DF8E006CB1B5 /* UIColor+QK.m */,
				ECCAECAA1752DF8E006CB1B5 /* UIImage+QK.h */,
				ECCAECAB1752DF8E006CB1B5 /* UIImage+QK.m */,
				ECCAECAC1752DF8E006CB1B5 /* UIImageView+QK.h */,
				ECCAECAD1752DF8E006CB1B5 /* UIImageView+QK.m */,
				ECCAECAE1752DF8E006CB1B5 /* UILabel+QK.h */,
				ECCAECAF1752DF8E006CB1B5 /* UILabel+QK.m */,
				ECCAECB01752DF8E006CB1B5 /* UINavigationController+QK.h */,
				ECCAECB11752DF8E006CB1B5 /* UINavigationController+QK.m */,
				ECCAECB21752DF8E006CB1B5 /* UIScrollView+QK.h */,
				ECCAECB31752DF8E006CB1B5 /* UIScrollView+QK.m */,
				ECCAECB41752DF8E006CB1B5 /* UITableViewCell+QK.h */,
				ECCAECB51752DF8E006CB1B5 /* UITableViewCell+QK.m */,
				ECCAECB61752DF8E006CB1B5 /* UIView+QK.h */,
				ECCAECB71752DF8E006CB1B5 /* UIView+QK.m */,
				ECCAECB81752DF8E006CB1B5 /* UIViewController+QK.h */,
				ECCAECB91752DF8E006CB1B5 /* UIViewController+QK.m */,
			);
			path = "qkm-uikit";
			sourceTree = "<group>";
		};
/* End PBXGroup section */

/* Begin PBXNativeTarget section */
		ECB7FB4517445D64002A4B71 /* test-qk-ios */ = {
			isa = PBXNativeTarget;
			buildConfigurationList = ECB7FB6317445D64002A4B71 /* Build configuration list for PBXNativeTarget "test-qk-ios" */;
			buildPhases = (
				ECB7FB4217445D64002A4B71 /* Sources */,
				ECB7FB4317445D64002A4B71 /* Frameworks */,
				ECB7FB4417445D64002A4B71 /* Resources */,
			);
			buildRules = (
			);
			dependencies = (
			);
			name = "test-qk-ios";
			productName = "qk-ios";
			productReference = ECB7FB4617445D64002A4B71 /* test-qk-ios.app */;
			productType = "com.apple.product-type.application";
		};
/* End PBXNativeTarget section */

/* Begin PBXProject section */
		ECB7FB3E17445D64002A4B71 /* Project object */ = {
			isa = PBXProject;
			attributes = {
				LastUpgradeCheck = 0460;
				ORGANIZATIONNAME = "George King";
			};
			buildConfigurationList = ECB7FB4117445D64002A4B71 /* Build configuration list for PBXProject "qk-ios" */;
			compatibilityVersion = "Xcode 3.2";
			developmentRegion = English;
			hasScannedForEncodings = 0;
			knownRegions = (
				en,
			);
			mainGroup = ECB7FB3D17445D64002A4B71;
			productRefGroup = ECB7FB4717445D64002A4B71 /* Products */;
			projectDirPath = "";
			projectRoot = "";
			targets = (
				ECB7FB4517445D64002A4B71 /* test-qk-ios */,
			);
		};
/* End PBXProject section */

/* Begin PBXResourcesBuildPhase section */
		ECB7FB4417445D64002A4B71 /* Resources */ = {
			isa = PBXResourcesBuildPhase;
			buildActionMask = 2147483647;
			files = (
				ECB7FB7A17445E0C002A4B71 /* Default.png in Resources */,
				ECB7FB7C17445E16002A4B71 /* Default@2x.png in Resources */,
				ECB7FB7E17445E19002A4B71 /* Default-568h@2x.png in Resources */,
				ECB517DC174D114900B24789 /* image.frag in Resources */,
				ECB517DD174D114900B24789 /* image.vert in Resources */,
				ECB517DE174D114900B24789 /* pos.vert in Resources */,
				ECB517E3174D11E500B24789 /* pos-color.vert in Resources */,
				ECB517DF174D114900B24789 /* uni-color.frag in Resources */,
				ECB517E0174D114900B24789 /* var-color.frag in Resources */,
			);
			runOnlyForDeploymentPostprocessing = 0;
		};
/* End PBXResourcesBuildPhase section */

/* Begin PBXSourcesBuildPhase section */
		ECB7FB4217445D64002A4B71 /* Sources */ = {
			isa = PBXSourcesBuildPhase;
			buildActionMask = 2147483647;
			files = (
				ECB7FD11174471D0002A4B71 /* AppDelegate.m in Sources */,
				ECB7FD12174471D0002A4B71 /* main.m in Sources */,
				ECB517C7174CF58A00B24789 /* RootController.m in Sources */,
				ECB517D0174CFA8500B24789 /* ScrollController.m in Sources */,
				EC74E0B3174F934400391A6D /* LabelController.m in Sources */,
				ECCAECBB1752DF8E006CB1B5 /* qk-check.m in Sources */,
				ECCAECBC1752DF8E006CB1B5 /* qk-log.m in Sources */,
				ECCAECBD1752DF8E006CB1B5 /* qk-math.m in Sources */,
				ECCAECBE1752DF8E006CB1B5 /* QKBinding.m in Sources */,
				ECCAECBF1752DF8E006CB1B5 /* QKData.m in Sources */,
				ECCAECC01752DF8E006CB1B5 /* QKDuo.m in Sources */,
				ECCAECC11752DF8E006CB1B5 /* QKErrorDomain.m in Sources */,
				ECCAECC21752DF8E006CB1B5 /* QKImage.m in Sources */,
				ECCAECC31752DF8E006CB1B5 /* QKMutableStructArray.m in Sources */,
				ECCAECC41752DF8E006CB1B5 /* QKPixFmt.m in Sources */,
				ECCAECC51752DF8E006CB1B5 /* QKStructArray.m in Sources */,
				ECCAECC61752DF8E006CB1B5 /* QKSubData.m in Sources */,
				ECCAECC71752DF8E006CB1B5 /* QKTag.m in Sources */,
				ECCAECC81752DF8E006CB1B5 /* CALayer+QK.m in Sources */,
				ECCAECC91752DF8E006CB1B5 /* QKTextLayer.m in Sources */,
				ECCAECCA1752DF8E006CB1B5 /* QKCFObject.m in Sources */,
				ECCAECCB1752DF8E006CB1B5 /* qk-cg-util.m in Sources */,
				ECCAECCC1752DF8E006CB1B5 /* QKCGBitmapContext.m in Sources */,
				ECCAECCD1752DF8E006CB1B5 /* QKCGColorSpace.m in Sources */,
				ECCAECCE1752DF8E006CB1B5 /* QKCGContext.m in Sources */,
				ECCAECCF1752DF8E006CB1B5 /* QKCGImage.m in Sources */,
				ECCAECD01752DF8E006CB1B5 /* CCAGLLayer.m in Sources */,
				ECCAECD11752DF8E006CB1B5 /* CUIView.m in Sources */,
				ECCAECD21752DF8E006CB1B5 /* QKLayoutView.m in Sources */,
				ECCAECD31752DF8E006CB1B5 /* NSArray+QK.m in Sources */,
				ECCAECD41752DF8E006CB1B5 /* NSBundle+QK.m in Sources */,
				ECCAECD51752DF8E006CB1B5 /* NSData+QK.m in Sources */,
				ECCAECD61752DF8E006CB1B5 /* NSDate+QK.m in Sources */,
				ECCAECD71752DF8E006CB1B5 /* NSDictionary+QK.m in Sources */,
				ECCAECD81752DF8E006CB1B5 /* NSError+QK.m in Sources */,
				ECCAECD91752DF8E006CB1B5 /* NSJSONSerialization+QK.m in Sources */,
				ECCAECDA1752DF8E006CB1B5 /* NSMutableData+QK.m in Sources */,
				ECCAECDB1752DF8E006CB1B5 /* NSMutableDictionary+QK.m in Sources */,
				ECCAECDC1752DF8E006CB1B5 /* NSObject+JNB.m in Sources */,
				ECCAECDD1752DF8E006CB1B5 /* NSObject+QK.m in Sources */,
				ECCAECDE1752DF8E006CB1B5 /* NSOutputStream+QK.m in Sources */,
				ECCAECDF1752DF8E006CB1B5 /* NSString+QK.m in Sources */,
				ECCAECE01752DF8E006CB1B5 /* NSTimer+QK.m in Sources */,
				ECCAECE11752DF8E006CB1B5 /* GLEventHandler.m in Sources */,
				ECCAECE21752DF8E006CB1B5 /* GLFragmentShader.m in Sources */,
				ECCAECE31752DF8E006CB1B5 /* GLLayer.m in Sources */,
				ECCAECE41752DF8E006CB1B5 /* GLObject.m in Sources */,
				ECCAECE51752DF8E006CB1B5 /* GLProgram.m in Sources */,
				ECCAECE61752DF8E006CB1B5 /* GLShader.m in Sources */,
				ECCAECE71752DF8E006CB1B5 /* GLTestScene.m in Sources */,
				ECCAECE81752DF8E006CB1B5 /* GLTexture.m in Sources */,
				ECCAECE91752DF8E006CB1B5 /* GLVertexShader.m in Sources */,
				ECCAECEA1752DF8E006CB1B5 /* GLView.m in Sources */,
				ECCAECEB1752DF8E006CB1B5 /* qk-gl-util.m in Sources */,
				ECCAECEC1752DF8E006CB1B5 /* QKImage+JPG.m in Sources */,
				ECCAECED1752DF8E006CB1B5 /* QKImage+PNG.m in Sources */,
				ECCAECEE1752DF8E006CB1B5 /* qk-sql-util.m in Sources */,
				ECCAECEF1752DF8E006CB1B5 /* SqlDatabase.m in Sources */,
				ECCAECF01752DF8E006CB1B5 /* SqlStatement.m in Sources */,
				ECCAECF11752DF8E006CB1B5 /* QKApplicationDelegate.m in Sources */,
				ECCAECF21752DF8E006CB1B5 /* QKButton.m in Sources */,
				ECCAECF31752DF8E006CB1B5 /* QKImageView.m in Sources */,
				ECCAECF41752DF8E006CB1B5 /* QKLabel.m in Sources */,
				ECCAECF51752DF8E006CB1B5 /* QKScrollView.m in Sources */,
				ECCAECF61752DF8E006CB1B5 /* QKTableController.m in Sources */,
				ECCAECF71752DF8E006CB1B5 /* QKTextView.m in Sources */,
				ECCAECF81752DF8E006CB1B5 /* QKUITableView.m in Sources */,
				ECCAECF91752DF8E006CB1B5 /* QKViewController.m in Sources */,
				ECCAECFA1752DF8E006CB1B5 /* CADisplayLink+QK.m in Sources */,
				ECCAECFB1752DF8E006CB1B5 /* NSString+QKM.m in Sources */,
				ECCAECFC1752DF8E006CB1B5 /* UIApplication+QK.m in Sources */,
				ECCAECFD1752DF8E006CB1B5 /* UIBarButtonItem+QK.m in Sources */,
				ECCAECFE1752DF8E006CB1B5 /* UIButton+QK.m in Sources */,
				ECCAECFF1752DF8E006CB1B5 /* UIColor+QK.m in Sources */,
				ECCAED001752DF8E006CB1B5 /* UIImage+QK.m in Sources */,
				ECCAED011752DF8E006CB1B5 /* UIImageView+QK.m in Sources */,
				ECCAED021752DF8E006CB1B5 /* UILabel+QK.m in Sources */,
				ECCAED031752DF8E006CB1B5 /* UINavigationController+QK.m in Sources */,
				ECCAED041752DF8E006CB1B5 /* UIScrollView+QK.m in Sources */,
				ECCAED051752DF8E006CB1B5 /* UITableViewCell+QK.m in Sources */,
				ECCAED061752DF8E006CB1B5 /* UIView+QK.m in Sources */,
				ECCAED071752DF8E006CB1B5 /* UIViewController+QK.m in Sources */,
			);
			runOnlyForDeploymentPostprocessing = 0;
		};
/* End PBXSourcesBuildPhase section */

/* Begin XCBuildConfiguration section */
		ECB7FB6117445D64002A4B71 /* Debug */ = {
			isa = XCBuildConfiguration;
			buildSettings = {
				ALWAYS_SEARCH_USER_PATHS = NO;
				CLANG_CXX_LANGUAGE_STANDARD = "gnu++0x";
				CLANG_CXX_LIBRARY = "libc++";
				CLANG_ENABLE_OBJC_ARC = YES;
				CLANG_WARN_CONSTANT_CONVERSION = YES;
				CLANG_WARN_EMPTY_BODY = YES;
				CLANG_WARN_ENUM_CONVERSION = YES;
				CLANG_WARN_INT_CONVERSION = YES;
				CLANG_WARN__DUPLICATE_METHOD_MATCH = YES;
				"CODE_SIGN_IDENTITY[sdk=iphoneos*]" = "iPhone Developer";
				COPY_PHASE_STRIP = NO;
				GCC_C_LANGUAGE_STANDARD = gnu99;
				GCC_DYNAMIC_NO_PIC = NO;
				GCC_OPTIMIZATION_LEVEL = 0;
				GCC_PREPROCESSOR_DEFINITIONS = (
					"DEBUG=1",
					"$(inherited)",
				);
				GCC_SYMBOLS_PRIVATE_EXTERN = NO;
				GCC_WARN_ABOUT_RETURN_TYPE = YES;
				GCC_WARN_UNINITIALIZED_AUTOS = YES;
				GCC_WARN_UNUSED_VARIABLE = YES;
				IPHONEOS_DEPLOYMENT_TARGET = 6.1;
				ONLY_ACTIVE_ARCH = YES;
				SDKROOT = iphoneos;
				TARGETED_DEVICE_FAMILY = "1,2";
			};
			name = Debug;
		};
		ECB7FB6217445D64002A4B71 /* Release */ = {
			isa = XCBuildConfiguration;
			buildSettings = {
				ALWAYS_SEARCH_USER_PATHS = NO;
				CLANG_CXX_LANGUAGE_STANDARD = "gnu++0x";
				CLANG_CXX_LIBRARY = "libc++";
				CLANG_ENABLE_OBJC_ARC = YES;
				CLANG_WARN_CONSTANT_CONVERSION = YES;
				CLANG_WARN_EMPTY_BODY = YES;
				CLANG_WARN_ENUM_CONVERSION = YES;
				CLANG_WARN_INT_CONVERSION = YES;
				CLANG_WARN__DUPLICATE_METHOD_MATCH = YES;
				"CODE_SIGN_IDENTITY[sdk=iphoneos*]" = "iPhone Developer";
				COPY_PHASE_STRIP = YES;
				GCC_C_LANGUAGE_STANDARD = gnu99;
				GCC_WARN_ABOUT_RETURN_TYPE = YES;
				GCC_WARN_UNINITIALIZED_AUTOS = YES;
				GCC_WARN_UNUSED_VARIABLE = YES;
				IPHONEOS_DEPLOYMENT_TARGET = 6.1;
				OTHER_CFLAGS = "-DNS_BLOCK_ASSERTIONS=1";
				SDKROOT = iphoneos;
				TARGETED_DEVICE_FAMILY = "1,2";
				VALIDATE_PRODUCT = YES;
			};
			name = Release;
		};
		ECB7FB6417445D64002A4B71 /* Debug */ = {
			isa = XCBuildConfiguration;
			buildSettings = {
				GCC_PRECOMPILE_PREFIX_HEADER = YES;
				GCC_PREFIX_HEADER = "test-qk-ios/test-qk-ios-prefix.pch";
				INFOPLIST_FILE = "$(SRCROOT)/test-qk-ios/test-qk-ios-Info.plist";
				LIBRARY_SEARCH_PATHS = (
					"$(inherited)",
					"\"$(SRCROOT)/submodules/libqk-built-ios/png/lib\"",
					"\"$(SRCROOT)/submodules/libqk-built-ios/sqlite3/lib\"",
					"\"$(SRCROOT)/submodules/libqk-built-ios/turbojpeg/lib\"",
				);
				PRODUCT_NAME = "$(TARGET_NAME)";
				WRAPPER_EXTENSION = app;
			};
			name = Debug;
		};
		ECB7FB6517445D64002A4B71 /* Release */ = {
			isa = XCBuildConfiguration;
			buildSettings = {
				GCC_PRECOMPILE_PREFIX_HEADER = YES;
				GCC_PREFIX_HEADER = "test-qk-ios/test-qk-ios-prefix.pch";
				INFOPLIST_FILE = "$(SRCROOT)/test-qk-ios/test-qk-ios-Info.plist";
				LIBRARY_SEARCH_PATHS = (
					"$(inherited)",
					"\"$(SRCROOT)/submodules/libqk-built-ios/png/lib\"",
					"\"$(SRCROOT)/submodules/libqk-built-ios/sqlite3/lib\"",
					"\"$(SRCROOT)/submodules/libqk-built-ios/turbojpeg/lib\"",
				);
				PRODUCT_NAME = "$(TARGET_NAME)";
				WRAPPER_EXTENSION = app;
			};
			name = Release;
		};
/* End XCBuildConfiguration section */

/* Begin XCConfigurationList section */
		ECB7FB4117445D64002A4B71 /* Build configuration list for PBXProject "qk-ios" */ = {
			isa = XCConfigurationList;
			buildConfigurations = (
				ECB7FB6117445D64002A4B71 /* Debug */,
				ECB7FB6217445D64002A4B71 /* Release */,
			);
			defaultConfigurationIsVisible = 0;
			defaultConfigurationName = Release;
		};
		ECB7FB6317445D64002A4B71 /* Build configuration list for PBXNativeTarget "test-qk-ios" */ = {
			isa = XCConfigurationList;
			buildConfigurations = (
				ECB7FB6417445D64002A4B71 /* Debug */,
				ECB7FB6517445D64002A4B71 /* Release */,
			);
			defaultConfigurationIsVisible = 0;
			defaultConfigurationName = Release;
		};
/* End XCConfigurationList section */
	};
	rootObject = ECB7FB3E17445D64002A4B71 /* Project object */;
}
